// !$*UTF8*$!
{
	archiveVersion = 1;
	classes = {
	};
	objectVersion = 50;
	objects = {

/* Begin PBXBuildFile section */
		B61C76012373802C008DB346 /* Perform.swift in Sources */ = {isa = PBXBuildFile; fileRef = B61C76002373802C008DB346 /* Perform.swift */; };
		B61C76132374532A008DB346 /* GuiNode+Extensions.swift in Sources */ = {isa = PBXBuildFile; fileRef = B61C76122374532A008DB346 /* GuiNode+Extensions.swift */; };
		B625A1A42375BDE60077717D /* Popup.swift in Sources */ = {isa = PBXBuildFile; fileRef = B625A1A32375BDE60077717D /* Popup.swift */; };
		B67E1C52236BB20400216EA2 /* SwiftGui.h in Headers */ = {isa = PBXBuildFile; fileRef = B67E1C50236BB20400216EA2 /* SwiftGui.h */; settings = {ATTRIBUTES = (Public, ); }; };
		B67E1C70236BB23C00216EA2 /* Attributes.swift in Sources */ = {isa = PBXBuildFile; fileRef = B67E1C58236BB23C00216EA2 /* Attributes.swift */; };
		B67E1C71236BB23C00216EA2 /* OrderedSet.swift in Sources */ = {isa = PBXBuildFile; fileRef = B67E1C5A236BB23C00216EA2 /* OrderedSet.swift */; };
		B67E1C72236BB23C00216EA2 /* Tooltip.swift in Sources */ = {isa = PBXBuildFile; fileRef = B67E1C5C236BB23C00216EA2 /* Tooltip.swift */; };
		B67E1C73236BB23C00216EA2 /* ListBox.swift in Sources */ = {isa = PBXBuildFile; fileRef = B67E1C5D236BB23C00216EA2 /* ListBox.swift */; };
		B67E1C74236BB23C00216EA2 /* Drag.swift in Sources */ = {isa = PBXBuildFile; fileRef = B67E1C5E236BB23C00216EA2 /* Drag.swift */; };
		B67E1C75236BB23C00216EA2 /* Common.swift in Sources */ = {isa = PBXBuildFile; fileRef = B67E1C5F236BB23C00216EA2 /* Common.swift */; };
		B67E1C76236BB23C00216EA2 /* Plot.swift in Sources */ = {isa = PBXBuildFile; fileRef = B67E1C60236BB23C00216EA2 /* Plot.swift */; };
		B67E1C77236BB23C00216EA2 /* Window.swift in Sources */ = {isa = PBXBuildFile; fileRef = B67E1C61236BB23C00216EA2 /* Window.swift */; };
		B67E1C78236BB23C00216EA2 /* ComboBox.swift in Sources */ = {isa = PBXBuildFile; fileRef = B67E1C62236BB23C00216EA2 /* ComboBox.swift */; };
		B67E1C79236BB23C00216EA2 /* RadioButton.swift in Sources */ = {isa = PBXBuildFile; fileRef = B67E1C63236BB23C00216EA2 /* RadioButton.swift */; };
		B67E1C7A236BB23C00216EA2 /* Input.swift in Sources */ = {isa = PBXBuildFile; fileRef = B67E1C64236BB23C00216EA2 /* Input.swift */; };
		B67E1C7B236BB23C00216EA2 /* Tree.swift in Sources */ = {isa = PBXBuildFile; fileRef = B67E1C65236BB23C00216EA2 /* Tree.swift */; };
		B67E1C7C236BB23C00216EA2 /* Slider.swift in Sources */ = {isa = PBXBuildFile; fileRef = B67E1C66236BB23C00216EA2 /* Slider.swift */; };
		B67E1C7D236BB23C00216EA2 /* Debug.swift in Sources */ = {isa = PBXBuildFile; fileRef = B67E1C67236BB23C00216EA2 /* Debug.swift */; };
		B67E1C7E236BB23C00216EA2 /* Menu.swift in Sources */ = {isa = PBXBuildFile; fileRef = B67E1C68236BB23C00216EA2 /* Menu.swift */; };
		B67E1C7F236BB23C00216EA2 /* CheckBox.swift in Sources */ = {isa = PBXBuildFile; fileRef = B67E1C69236BB23C00216EA2 /* CheckBox.swift */; };
		B67E1C80236BB23C00216EA2 /* Text.swift in Sources */ = {isa = PBXBuildFile; fileRef = B67E1C6A236BB23C00216EA2 /* Text.swift */; };
		B67E1C81236BB23C00216EA2 /* Button.swift in Sources */ = {isa = PBXBuildFile; fileRef = B67E1C6B236BB23C00216EA2 /* Button.swift */; };
		B67E1C82236BB23C00216EA2 /* Color.swift in Sources */ = {isa = PBXBuildFile; fileRef = B67E1C6C236BB23C00216EA2 /* Color.swift */; };
		B67E1C83236BB23C00216EA2 /* GuiView.swift in Sources */ = {isa = PBXBuildFile; fileRef = B67E1C6D236BB23C00216EA2 /* GuiView.swift */; };
		B67E1C84236BB23C00216EA2 /* Builder.swift in Sources */ = {isa = PBXBuildFile; fileRef = B67E1C6E236BB23C00216EA2 /* Builder.swift */; };
		B67E1C85236BB23C00216EA2 /* GuiNode.swift in Sources */ = {isa = PBXBuildFile; fileRef = B67E1C6F236BB23C00216EA2 /* GuiNode.swift */; };
		B6A158CD237C1C9300E3F016 /* Font.swift in Sources */ = {isa = PBXBuildFile; fileRef = B6A158CC237C1C9300E3F016 /* Font.swift */; };
		B6A158D1237C1D6700E3F016 /* DefaultFont.swift in Sources */ = {isa = PBXBuildFile; fileRef = B6A158D0237C1D6700E3F016 /* DefaultFont.swift */; };
		B6A158D3237C288100E3F016 /* FiraCodeRegular.ttf in Resources */ = {isa = PBXBuildFile; fileRef = B6A158D2237C288100E3F016 /* FiraCodeRegular.ttf */; };
		B6DF8B5A237AB53300374675 /* Image.swift in Sources */ = {isa = PBXBuildFile; fileRef = B6DF8B59237AB53300374675 /* Image.swift */; };
		B6E3BE8C236ED5BF00C1E1CF /* Extensions.swift in Sources */ = {isa = PBXBuildFile; fileRef = B6E3BE8B236ED5BF00C1E1CF /* Extensions.swift */; };
		B6F49E9A2371D70000A6D48C /* SwiftGUI_Core.framework in Frameworks */ = {isa = PBXBuildFile; fileRef = B6F49E992371D70000A6D48C /* SwiftGUI_Core.framework */; };
		B6F49E9B2371D70000A6D48C /* SwiftGUI_Core.framework in Embed Frameworks */ = {isa = PBXBuildFile; fileRef = B6F49E992371D70000A6D48C /* SwiftGUI_Core.framework */; settings = {ATTRIBUTES = (CodeSignOnCopy, RemoveHeadersOnCopy, ); }; };
		B6F9347C2379473B00F4129B /* Theme.swift in Sources */ = {isa = PBXBuildFile; fileRef = B6F9347B2379473B00F4129B /* Theme.swift */; };
		B6F9347F237948BB00F4129B /* LightTheme.swift in Sources */ = {isa = PBXBuildFile; fileRef = B6F9347E237948BB00F4129B /* LightTheme.swift */; };
		B6F934892379959200F4129B /* DarculaTheme.swift in Sources */ = {isa = PBXBuildFile; fileRef = B6F934882379959200F4129B /* DarculaTheme.swift */; };
		B6F9348D237A10C100F4129B /* DroidSans.ttf in Resources */ = {isa = PBXBuildFile; fileRef = B6F9348C237A10C100F4129B /* DroidSans.ttf */; };
/* End PBXBuildFile section */

/* Begin PBXCopyFilesBuildPhase section */
		B6F49E9C2371D70000A6D48C /* Embed Frameworks */ = {
			isa = PBXCopyFilesBuildPhase;
			buildActionMask = 2147483647;
			dstPath = "";
			dstSubfolderSpec = 10;
			files = (
				B6F49E9B2371D70000A6D48C /* SwiftGUI_Core.framework in Embed Frameworks */,
			);
			name = "Embed Frameworks";
			runOnlyForDeploymentPostprocessing = 0;
		};
/* End PBXCopyFilesBuildPhase section */

/* Begin PBXFileReference section */
		B61C76002373802C008DB346 /* Perform.swift */ = {isa = PBXFileReference; lastKnownFileType = sourcecode.swift; path = Perform.swift; sourceTree = "<group>"; };
		B61C76122374532A008DB346 /* GuiNode+Extensions.swift */ = {isa = PBXFileReference; lastKnownFileType = sourcecode.swift; path = "GuiNode+Extensions.swift"; sourceTree = "<group>"; };
		B625A1A32375BDE60077717D /* Popup.swift */ = {isa = PBXFileReference; lastKnownFileType = sourcecode.swift; path = Popup.swift; sourceTree = "<group>"; };
		B67E1C4D236BB20400216EA2 /* SwiftGui.framework */ = {isa = PBXFileReference; explicitFileType = wrapper.framework; includeInIndex = 0; path = SwiftGui.framework; sourceTree = BUILT_PRODUCTS_DIR; };
		B67E1C50236BB20400216EA2 /* SwiftGui.h */ = {isa = PBXFileReference; lastKnownFileType = sourcecode.c.h; path = SwiftGui.h; sourceTree = "<group>"; };
		B67E1C51236BB20400216EA2 /* Info.plist */ = {isa = PBXFileReference; lastKnownFileType = text.plist.xml; path = Info.plist; sourceTree = "<group>"; };
		B67E1C58236BB23C00216EA2 /* Attributes.swift */ = {isa = PBXFileReference; fileEncoding = 4; lastKnownFileType = sourcecode.swift; path = Attributes.swift; sourceTree = "<group>"; };
		B67E1C5A236BB23C00216EA2 /* OrderedSet.swift */ = {isa = PBXFileReference; fileEncoding = 4; lastKnownFileType = sourcecode.swift; path = OrderedSet.swift; sourceTree = "<group>"; };
		B67E1C5C236BB23C00216EA2 /* Tooltip.swift */ = {isa = PBXFileReference; fileEncoding = 4; lastKnownFileType = sourcecode.swift; path = Tooltip.swift; sourceTree = "<group>"; };
		B67E1C5D236BB23C00216EA2 /* ListBox.swift */ = {isa = PBXFileReference; fileEncoding = 4; lastKnownFileType = sourcecode.swift; path = ListBox.swift; sourceTree = "<group>"; };
		B67E1C5E236BB23C00216EA2 /* Drag.swift */ = {isa = PBXFileReference; fileEncoding = 4; lastKnownFileType = sourcecode.swift; path = Drag.swift; sourceTree = "<group>"; };
		B67E1C5F236BB23C00216EA2 /* Common.swift */ = {isa = PBXFileReference; fileEncoding = 4; lastKnownFileType = sourcecode.swift; path = Common.swift; sourceTree = "<group>"; };
		B67E1C60236BB23C00216EA2 /* Plot.swift */ = {isa = PBXFileReference; fileEncoding = 4; lastKnownFileType = sourcecode.swift; path = Plot.swift; sourceTree = "<group>"; };
		B67E1C61236BB23C00216EA2 /* Window.swift */ = {isa = PBXFileReference; fileEncoding = 4; lastKnownFileType = sourcecode.swift; path = Window.swift; sourceTree = "<group>"; };
		B67E1C62236BB23C00216EA2 /* ComboBox.swift */ = {isa = PBXFileReference; fileEncoding = 4; lastKnownFileType = sourcecode.swift; path = ComboBox.swift; sourceTree = "<group>"; };
		B67E1C63236BB23C00216EA2 /* RadioButton.swift */ = {isa = PBXFileReference; fileEncoding = 4; lastKnownFileType = sourcecode.swift; path = RadioButton.swift; sourceTree = "<group>"; };
		B67E1C64236BB23C00216EA2 /* Input.swift */ = {isa = PBXFileReference; fileEncoding = 4; lastKnownFileType = sourcecode.swift; path = Input.swift; sourceTree = "<group>"; };
		B67E1C65236BB23C00216EA2 /* Tree.swift */ = {isa = PBXFileReference; fileEncoding = 4; lastKnownFileType = sourcecode.swift; path = Tree.swift; sourceTree = "<group>"; };
		B67E1C66236BB23C00216EA2 /* Slider.swift */ = {isa = PBXFileReference; fileEncoding = 4; lastKnownFileType = sourcecode.swift; path = Slider.swift; sourceTree = "<group>"; };
		B67E1C67236BB23C00216EA2 /* Debug.swift */ = {isa = PBXFileReference; fileEncoding = 4; lastKnownFileType = sourcecode.swift; path = Debug.swift; sourceTree = "<group>"; };
		B67E1C68236BB23C00216EA2 /* Menu.swift */ = {isa = PBXFileReference; fileEncoding = 4; lastKnownFileType = sourcecode.swift; path = Menu.swift; sourceTree = "<group>"; };
		B67E1C69236BB23C00216EA2 /* CheckBox.swift */ = {isa = PBXFileReference; fileEncoding = 4; lastKnownFileType = sourcecode.swift; path = CheckBox.swift; sourceTree = "<group>"; };
		B67E1C6A236BB23C00216EA2 /* Text.swift */ = {isa = PBXFileReference; fileEncoding = 4; lastKnownFileType = sourcecode.swift; path = Text.swift; sourceTree = "<group>"; };
		B67E1C6B236BB23C00216EA2 /* Button.swift */ = {isa = PBXFileReference; fileEncoding = 4; lastKnownFileType = sourcecode.swift; path = Button.swift; sourceTree = "<group>"; };
		B67E1C6C236BB23C00216EA2 /* Color.swift */ = {isa = PBXFileReference; fileEncoding = 4; lastKnownFileType = sourcecode.swift; path = Color.swift; sourceTree = "<group>"; };
		B67E1C6D236BB23C00216EA2 /* GuiView.swift */ = {isa = PBXFileReference; fileEncoding = 4; lastKnownFileType = sourcecode.swift; path = GuiView.swift; sourceTree = "<group>"; };
		B67E1C6E236BB23C00216EA2 /* Builder.swift */ = {isa = PBXFileReference; fileEncoding = 4; lastKnownFileType = sourcecode.swift; path = Builder.swift; sourceTree = "<group>"; };
		B67E1C6F236BB23C00216EA2 /* GuiNode.swift */ = {isa = PBXFileReference; fileEncoding = 4; lastKnownFileType = sourcecode.swift; path = GuiNode.swift; sourceTree = "<group>"; };
		B67E1C87236BB24B00216EA2 /* ImGui.framework */ = {isa = PBXFileReference; explicitFileType = wrapper.framework; path = ImGui.framework; sourceTree = BUILT_PRODUCTS_DIR; };
		B67E1CBF236BB36E00216EA2 /* CImGui.framework */ = {isa = PBXFileReference; explicitFileType = wrapper.framework; path = CImGui.framework; sourceTree = BUILT_PRODUCTS_DIR; };
		B67E1CF1236BB71A00216EA2 /* libCImGui.dylib */ = {isa = PBXFileReference; explicitFileType = "compiled.mach-o.dylib"; path = libCImGui.dylib; sourceTree = BUILT_PRODUCTS_DIR; };
		B6A158CC237C1C9300E3F016 /* Font.swift */ = {isa = PBXFileReference; lastKnownFileType = sourcecode.swift; path = Font.swift; sourceTree = "<group>"; };
		B6A158D0237C1D6700E3F016 /* DefaultFont.swift */ = {isa = PBXFileReference; lastKnownFileType = sourcecode.swift; path = DefaultFont.swift; sourceTree = "<group>"; };
		B6A158D2237C288100E3F016 /* FiraCodeRegular.ttf */ = {isa = PBXFileReference; lastKnownFileType = file; path = FiraCodeRegular.ttf; sourceTree = "<group>"; };
		B6DF8B59237AB53300374675 /* Image.swift */ = {isa = PBXFileReference; lastKnownFileType = sourcecode.swift; path = Image.swift; sourceTree = "<group>"; };
		B6E3BCCD236D99ED00C1E1CF /* libCImGuiLib.a */ = {isa = PBXFileReference; explicitFileType = archive.ar; path = libCImGuiLib.a; sourceTree = BUILT_PRODUCTS_DIR; };
		B6E3BCFE236D9B4C00C1E1CF /* CImGui.framework */ = {isa = PBXFileReference; explicitFileType = wrapper.framework; path = CImGui.framework; sourceTree = BUILT_PRODUCTS_DIR; };
		B6E3BE59236ECFA100C1E1CF /* CImGui.framework */ = {isa = PBXFileReference; explicitFileType = wrapper.framework; path = CImGui.framework; sourceTree = BUILT_PRODUCTS_DIR; };
		B6E3BE8B236ED5BF00C1E1CF /* Extensions.swift */ = {isa = PBXFileReference; lastKnownFileType = sourcecode.swift; path = Extensions.swift; sourceTree = "<group>"; };
		B6F49E992371D70000A6D48C /* SwiftGUI_Core.framework */ = {isa = PBXFileReference; explicitFileType = wrapper.framework; path = SwiftGUI_Core.framework; sourceTree = BUILT_PRODUCTS_DIR; };
		B6F9347B2379473B00F4129B /* Theme.swift */ = {isa = PBXFileReference; lastKnownFileType = sourcecode.swift; path = Theme.swift; sourceTree = "<group>"; };
		B6F9347E237948BB00F4129B /* LightTheme.swift */ = {isa = PBXFileReference; lastKnownFileType = sourcecode.swift; path = LightTheme.swift; sourceTree = "<group>"; };
		B6F934882379959200F4129B /* DarculaTheme.swift */ = {isa = PBXFileReference; lastKnownFileType = sourcecode.swift; path = DarculaTheme.swift; sourceTree = "<group>"; };
		B6F9348C237A10C100F4129B /* DroidSans.ttf */ = {isa = PBXFileReference; lastKnownFileType = file; path = DroidSans.ttf; sourceTree = "<group>"; };
/* End PBXFileReference section */

/* Begin PBXFrameworksBuildPhase section */
		B67E1C4A236BB20400216EA2 /* Frameworks */ = {
			isa = PBXFrameworksBuildPhase;
			buildActionMask = 2147483647;
			files = (
				B6F49E9A2371D70000A6D48C /* SwiftGUI_Core.framework in Frameworks */,
			);
			runOnlyForDeploymentPostprocessing = 0;
		};
/* End PBXFrameworksBuildPhase section */

/* Begin PBXGroup section */
		B67E1C43236BB20400216EA2 = {
			isa = PBXGroup;
			children = (
				B67E1C4F236BB20400216EA2 /* SwiftGui */,
				B67E1C4E236BB20400216EA2 /* Products */,
				B67E1C86236BB24B00216EA2 /* Frameworks */,
			);
			sourceTree = "<group>";
		};
		B67E1C4E236BB20400216EA2 /* Products */ = {
			isa = PBXGroup;
			children = (
				B67E1C4D236BB20400216EA2 /* SwiftGui.framework */,
			);
			name = Products;
			sourceTree = "<group>";
		};
		B67E1C4F236BB20400216EA2 /* SwiftGui */ = {
			isa = PBXGroup;
			children = (
				B67E1C58236BB23C00216EA2 /* Attributes.swift */,
				B67E1C6E236BB23C00216EA2 /* Builder.swift */,
				B67E1C6F236BB23C00216EA2 /* GuiNode.swift */,
				B61C76122374532A008DB346 /* GuiNode+Extensions.swift */,
				B67E1C6D236BB23C00216EA2 /* GuiView.swift */,
				B67E1C51236BB20400216EA2 /* Info.plist */,
				B67E1C5B236BB23C00216EA2 /* Nodes */,
				B6F9348A237A10C100F4129B /* Resources */,
				B67E1C50236BB20400216EA2 /* SwiftGui.h */,
				B6F9347D237947C000F4129B /* Theme */,
				B67E1C59236BB23C00216EA2 /* Utils */,
			);
			path = SwiftGui;
			sourceTree = "<group>";
		};
		B67E1C59236BB23C00216EA2 /* Utils */ = {
			isa = PBXGroup;
			children = (
				B6E3BE8B236ED5BF00C1E1CF /* Extensions.swift */,
				B67E1C5A236BB23C00216EA2 /* OrderedSet.swift */,
			);
			path = Utils;
			sourceTree = "<group>";
		};
		B67E1C5B236BB23C00216EA2 /* Nodes */ = {
			isa = PBXGroup;
			children = (
				B67E1C6B236BB23C00216EA2 /* Button.swift */,
				B67E1C69236BB23C00216EA2 /* CheckBox.swift */,
				B67E1C6C236BB23C00216EA2 /* Color.swift */,
				B67E1C62236BB23C00216EA2 /* ComboBox.swift */,
				B67E1C5F236BB23C00216EA2 /* Common.swift */,
				B67E1C67236BB23C00216EA2 /* Debug.swift */,
				B67E1C5E236BB23C00216EA2 /* Drag.swift */,
				B6DF8B59237AB53300374675 /* Image.swift */,
				B67E1C64236BB23C00216EA2 /* Input.swift */,
				B67E1C5D236BB23C00216EA2 /* ListBox.swift */,
				B67E1C68236BB23C00216EA2 /* Menu.swift */,
				B61C76002373802C008DB346 /* Perform.swift */,
				B67E1C60236BB23C00216EA2 /* Plot.swift */,
				B625A1A32375BDE60077717D /* Popup.swift */,
				B67E1C63236BB23C00216EA2 /* RadioButton.swift */,
				B67E1C66236BB23C00216EA2 /* Slider.swift */,
				B67E1C6A236BB23C00216EA2 /* Text.swift */,
				B67E1C5C236BB23C00216EA2 /* Tooltip.swift */,
				B67E1C65236BB23C00216EA2 /* Tree.swift */,
				B67E1C61236BB23C00216EA2 /* Window.swift */,
			);
			path = Nodes;
			sourceTree = "<group>";
		};
		B67E1C86236BB24B00216EA2 /* Frameworks */ = {
			isa = PBXGroup;
			children = (
				B6F49E992371D70000A6D48C /* SwiftGUI_Core.framework */,
				B6E3BE59236ECFA100C1E1CF /* CImGui.framework */,
				B6E3BCFE236D9B4C00C1E1CF /* CImGui.framework */,
				B6E3BCCD236D99ED00C1E1CF /* libCImGuiLib.a */,
				B67E1CF1236BB71A00216EA2 /* libCImGui.dylib */,
				B67E1CBF236BB36E00216EA2 /* CImGui.framework */,
				B67E1C87236BB24B00216EA2 /* ImGui.framework */,
			);
			name = Frameworks;
			sourceTree = "<group>";
		};
		B6A158CE237C1D3E00E3F016 /* Color */ = {
			isa = PBXGroup;
			children = (
				B6F9347E237948BB00F4129B /* LightTheme.swift */,
				B6F934882379959200F4129B /* DarculaTheme.swift */,
			);
			path = Color;
			sourceTree = "<group>";
		};
		B6A158CF237C1D5700E3F016 /* Font */ = {
			isa = PBXGroup;
			children = (
				B6A158D0237C1D6700E3F016 /* DefaultFont.swift */,
			);
			path = Font;
			sourceTree = "<group>";
		};
		B6F9347D237947C000F4129B /* Theme */ = {
			isa = PBXGroup;
			children = (
				B6A158CE237C1D3E00E3F016 /* Color */,
				B6A158CF237C1D5700E3F016 /* Font */,
				B6A158CC237C1C9300E3F016 /* Font.swift */,
				B6F9347B2379473B00F4129B /* Theme.swift */,
			);
			path = Theme;
			sourceTree = "<group>";
		};
		B6F9348A237A10C100F4129B /* Resources */ = {
			isa = PBXGroup;
			children = (
				B6F9348B237A10C100F4129B /* Font */,
			);
			path = Resources;
			sourceTree = "<group>";
		};
		B6F9348B237A10C100F4129B /* Font */ = {
			isa = PBXGroup;
			children = (
				B6A158D2237C288100E3F016 /* FiraCodeRegular.ttf */,
				B6F9348C237A10C100F4129B /* DroidSans.ttf */,
			);
			path = Font;
			sourceTree = "<group>";
		};
/* End PBXGroup section */

/* Begin PBXHeadersBuildPhase section */
		B67E1C48236BB20400216EA2 /* Headers */ = {
			isa = PBXHeadersBuildPhase;
			buildActionMask = 2147483647;
			files = (
				B67E1C52236BB20400216EA2 /* SwiftGui.h in Headers */,
			);
			runOnlyForDeploymentPostprocessing = 0;
		};
/* End PBXHeadersBuildPhase section */

/* Begin PBXNativeTarget section */
		B67E1C4C236BB20400216EA2 /* SwiftGui */ = {
			isa = PBXNativeTarget;
			buildConfigurationList = B67E1C55236BB20400216EA2 /* Build configuration list for PBXNativeTarget "SwiftGui" */;
			buildPhases = (
				B67E1C48236BB20400216EA2 /* Headers */,
				B67E1C49236BB20400216EA2 /* Sources */,
				B67E1C4A236BB20400216EA2 /* Frameworks */,
				B67E1C4B236BB20400216EA2 /* Resources */,
				B6F49E9C2371D70000A6D48C /* Embed Frameworks */,
			);
			buildRules = (
			);
			dependencies = (
			);
			name = SwiftGui;
			productName = SwiftGui;
			productReference = B67E1C4D236BB20400216EA2 /* SwiftGui.framework */;
			productType = "com.apple.product-type.framework";
		};
/* End PBXNativeTarget section */

/* Begin PBXProject section */
		B67E1C44236BB20400216EA2 /* Project object */ = {
			isa = PBXProject;
			attributes = {
				LastUpgradeCheck = 1110;
				ORGANIZATIONNAME = "Erick Jung";
				TargetAttributes = {
					B67E1C4C236BB20400216EA2 = {
						CreatedOnToolsVersion = 11.1;
						LastSwiftMigration = 1110;
					};
				};
			};
			buildConfigurationList = B67E1C47236BB20400216EA2 /* Build configuration list for PBXProject "SwiftGui" */;
			compatibilityVersion = "Xcode 9.3";
			developmentRegion = en;
			hasScannedForEncodings = 0;
			knownRegions = (
				en,
				Base,
			);
			mainGroup = B67E1C43236BB20400216EA2;
			productRefGroup = B67E1C4E236BB20400216EA2 /* Products */;
			projectDirPath = "";
			projectRoot = "";
			targets = (
				B67E1C4C236BB20400216EA2 /* SwiftGui */,
			);
		};
/* End PBXProject section */

/* Begin PBXResourcesBuildPhase section */
		B67E1C4B236BB20400216EA2 /* Resources */ = {
			isa = PBXResourcesBuildPhase;
			buildActionMask = 2147483647;
			files = (
				B6A158D3237C288100E3F016 /* FiraCodeRegular.ttf in Resources */,
				B6F9348D237A10C100F4129B /* DroidSans.ttf in Resources */,
			);
			runOnlyForDeploymentPostprocessing = 0;
		};
/* End PBXResourcesBuildPhase section */

/* Begin PBXSourcesBuildPhase section */
		B67E1C49236BB20400216EA2 /* Sources */ = {
			isa = PBXSourcesBuildPhase;
			buildActionMask = 2147483647;
			files = (
				B6F9347C2379473B00F4129B /* Theme.swift in Sources */,
				B6E3BE8C236ED5BF00C1E1CF /* Extensions.swift in Sources */,
				B67E1C83236BB23C00216EA2 /* GuiView.swift in Sources */,
				B67E1C7F236BB23C00216EA2 /* CheckBox.swift in Sources */,
				B61C76012373802C008DB346 /* Perform.swift in Sources */,
				B67E1C84236BB23C00216EA2 /* Builder.swift in Sources */,
				B67E1C71236BB23C00216EA2 /* OrderedSet.swift in Sources */,
				B61C76132374532A008DB346 /* GuiNode+Extensions.swift in Sources */,
				B6A158D1237C1D6700E3F016 /* DefaultFont.swift in Sources */,
				B67E1C73236BB23C00216EA2 /* ListBox.swift in Sources */,
				B67E1C70236BB23C00216EA2 /* Attributes.swift in Sources */,
				B67E1C7A236BB23C00216EA2 /* Input.swift in Sources */,
				B67E1C76236BB23C00216EA2 /* Plot.swift in Sources */,
				B67E1C7D236BB23C00216EA2 /* Debug.swift in Sources */,
				B67E1C85236BB23C00216EA2 /* GuiNode.swift in Sources */,
				B67E1C81236BB23C00216EA2 /* Button.swift in Sources */,
				B625A1A42375BDE60077717D /* Popup.swift in Sources */,
				B6F934892379959200F4129B /* DarculaTheme.swift in Sources */,
				B67E1C72236BB23C00216EA2 /* Tooltip.swift in Sources */,
				B67E1C75236BB23C00216EA2 /* Common.swift in Sources */,
				B6DF8B5A237AB53300374675 /* Image.swift in Sources */,
				B67E1C74236BB23C00216EA2 /* Drag.swift in Sources */,
				B67E1C82236BB23C00216EA2 /* Color.swift in Sources */,
				B67E1C7E236BB23C00216EA2 /* Menu.swift in Sources */,
				B67E1C80236BB23C00216EA2 /* Text.swift in Sources */,
				B6A158CD237C1C9300E3F016 /* Font.swift in Sources */,
				B67E1C79236BB23C00216EA2 /* RadioButton.swift in Sources */,
				B67E1C7B236BB23C00216EA2 /* Tree.swift in Sources */,
				B67E1C77236BB23C00216EA2 /* Window.swift in Sources */,
				B67E1C78236BB23C00216EA2 /* ComboBox.swift in Sources */,
				B6F9347F237948BB00F4129B /* LightTheme.swift in Sources */,
				B67E1C7C236BB23C00216EA2 /* Slider.swift in Sources */,
			);
			runOnlyForDeploymentPostprocessing = 0;
		};
/* End PBXSourcesBuildPhase section */

/* Begin XCBuildConfiguration section */
		B67E1C53236BB20400216EA2 /* Debug */ = {
			isa = XCBuildConfiguration;
			buildSettings = {
				ALWAYS_SEARCH_USER_PATHS = NO;
				CLANG_ANALYZER_NONNULL = YES;
				CLANG_ANALYZER_NUMBER_OBJECT_CONVERSION = YES_AGGRESSIVE;
				CLANG_CXX_LANGUAGE_STANDARD = "gnu++14";
				CLANG_CXX_LIBRARY = "libc++";
				CLANG_ENABLE_MODULES = YES;
				CLANG_ENABLE_OBJC_ARC = YES;
				CLANG_ENABLE_OBJC_WEAK = YES;
				CLANG_WARN_BLOCK_CAPTURE_AUTORELEASING = YES;
				CLANG_WARN_BOOL_CONVERSION = YES;
				CLANG_WARN_COMMA = YES;
				CLANG_WARN_CONSTANT_CONVERSION = YES;
				CLANG_WARN_DEPRECATED_OBJC_IMPLEMENTATIONS = YES;
				CLANG_WARN_DIRECT_OBJC_ISA_USAGE = YES_ERROR;
				CLANG_WARN_DOCUMENTATION_COMMENTS = YES;
				CLANG_WARN_EMPTY_BODY = YES;
				CLANG_WARN_ENUM_CONVERSION = YES;
				CLANG_WARN_INFINITE_RECURSION = YES;
				CLANG_WARN_INT_CONVERSION = YES;
				CLANG_WARN_NON_LITERAL_NULL_CONVERSION = YES;
				CLANG_WARN_OBJC_IMPLICIT_RETAIN_SELF = YES;
				CLANG_WARN_OBJC_LITERAL_CONVERSION = YES;
				CLANG_WARN_OBJC_ROOT_CLASS = YES_ERROR;
				CLANG_WARN_RANGE_LOOP_ANALYSIS = YES;
				CLANG_WARN_STRICT_PROTOTYPES = YES;
				CLANG_WARN_SUSPICIOUS_MOVE = YES;
				CLANG_WARN_UNGUARDED_AVAILABILITY = YES_AGGRESSIVE;
				CLANG_WARN_UNREACHABLE_CODE = YES;
				CLANG_WARN__DUPLICATE_METHOD_MATCH = YES;
				COPY_PHASE_STRIP = NO;
				CURRENT_PROJECT_VERSION = 1;
				DEBUG_INFORMATION_FORMAT = dwarf;
				ENABLE_STRICT_OBJC_MSGSEND = YES;
				ENABLE_TESTABILITY = YES;
				GCC_C_LANGUAGE_STANDARD = gnu11;
				GCC_DYNAMIC_NO_PIC = NO;
				GCC_NO_COMMON_BLOCKS = YES;
				GCC_OPTIMIZATION_LEVEL = 0;
				GCC_PREPROCESSOR_DEFINITIONS = (
					"DEBUG=1",
					"$(inherited)",
				);
				GCC_WARN_64_TO_32_BIT_CONVERSION = YES;
				GCC_WARN_ABOUT_RETURN_TYPE = YES_ERROR;
				GCC_WARN_UNDECLARED_SELECTOR = YES;
				GCC_WARN_UNINITIALIZED_AUTOS = YES_AGGRESSIVE;
				GCC_WARN_UNUSED_FUNCTION = YES;
				GCC_WARN_UNUSED_VARIABLE = YES;
				MACOSX_DEPLOYMENT_TARGET = 10.13;
				MTL_ENABLE_DEBUG_INFO = INCLUDE_SOURCE;
				MTL_FAST_MATH = YES;
				ONLY_ACTIVE_ARCH = YES;
				SDKROOT = macosx;
				SUPPORTED_PLATFORMS = "macosx iphonesimulator iphoneos";
				SWIFT_ACTIVE_COMPILATION_CONDITIONS = DEBUG;
				SWIFT_OPTIMIZATION_LEVEL = "-Onone";
				VERSIONING_SYSTEM = "apple-generic";
				VERSION_INFO_PREFIX = "";
			};
			name = Debug;
		};
		B67E1C54236BB20400216EA2 /* Release */ = {
			isa = XCBuildConfiguration;
			buildSettings = {
				ALWAYS_SEARCH_USER_PATHS = NO;
				CLANG_ANALYZER_NONNULL = YES;
				CLANG_ANALYZER_NUMBER_OBJECT_CONVERSION = YES_AGGRESSIVE;
				CLANG_CXX_LANGUAGE_STANDARD = "gnu++14";
				CLANG_CXX_LIBRARY = "libc++";
				CLANG_ENABLE_MODULES = YES;
				CLANG_ENABLE_OBJC_ARC = YES;
				CLANG_ENABLE_OBJC_WEAK = YES;
				CLANG_WARN_BLOCK_CAPTURE_AUTORELEASING = YES;
				CLANG_WARN_BOOL_CONVERSION = YES;
				CLANG_WARN_COMMA = YES;
				CLANG_WARN_CONSTANT_CONVERSION = YES;
				CLANG_WARN_DEPRECATED_OBJC_IMPLEMENTATIONS = YES;
				CLANG_WARN_DIRECT_OBJC_ISA_USAGE = YES_ERROR;
				CLANG_WARN_DOCUMENTATION_COMMENTS = YES;
				CLANG_WARN_EMPTY_BODY = YES;
				CLANG_WARN_ENUM_CONVERSION = YES;
				CLANG_WARN_INFINITE_RECURSION = YES;
				CLANG_WARN_INT_CONVERSION = YES;
				CLANG_WARN_NON_LITERAL_NULL_CONVERSION = YES;
				CLANG_WARN_OBJC_IMPLICIT_RETAIN_SELF = YES;
				CLANG_WARN_OBJC_LITERAL_CONVERSION = YES;
				CLANG_WARN_OBJC_ROOT_CLASS = YES_ERROR;
				CLANG_WARN_RANGE_LOOP_ANALYSIS = YES;
				CLANG_WARN_STRICT_PROTOTYPES = YES;
				CLANG_WARN_SUSPICIOUS_MOVE = YES;
				CLANG_WARN_UNGUARDED_AVAILABILITY = YES_AGGRESSIVE;
				CLANG_WARN_UNREACHABLE_CODE = YES;
				CLANG_WARN__DUPLICATE_METHOD_MATCH = YES;
				COPY_PHASE_STRIP = NO;
				CURRENT_PROJECT_VERSION = 1;
				DEBUG_INFORMATION_FORMAT = "dwarf-with-dsym";
				ENABLE_NS_ASSERTIONS = NO;
				ENABLE_STRICT_OBJC_MSGSEND = YES;
				GCC_C_LANGUAGE_STANDARD = gnu11;
				GCC_NO_COMMON_BLOCKS = YES;
				GCC_WARN_64_TO_32_BIT_CONVERSION = YES;
				GCC_WARN_ABOUT_RETURN_TYPE = YES_ERROR;
				GCC_WARN_UNDECLARED_SELECTOR = YES;
				GCC_WARN_UNINITIALIZED_AUTOS = YES_AGGRESSIVE;
				GCC_WARN_UNUSED_FUNCTION = YES;
				GCC_WARN_UNUSED_VARIABLE = YES;
				MACOSX_DEPLOYMENT_TARGET = 10.13;
				MTL_ENABLE_DEBUG_INFO = NO;
				MTL_FAST_MATH = YES;
				SDKROOT = macosx;
				SUPPORTED_PLATFORMS = "macosx iphonesimulator iphoneos";
				SWIFT_COMPILATION_MODE = wholemodule;
				SWIFT_OPTIMIZATION_LEVEL = "-O";
				VERSIONING_SYSTEM = "apple-generic";
				VERSION_INFO_PREFIX = "";
			};
			name = Release;
		};
		B67E1C56236BB20400216EA2 /* Debug */ = {
			isa = XCBuildConfiguration;
			buildSettings = {
				CLANG_ENABLE_MODULES = YES;
				CODE_SIGN_STYLE = Manual;
				COMBINE_HIDPI_IMAGES = YES;
				CURRENT_PROJECT_VERSION = 1;
				DEFINES_MODULE = YES;
				DEVELOPMENT_TEAM = "";
				DYLIB_COMPATIBILITY_VERSION = 1;
				DYLIB_CURRENT_VERSION = 1;
				DYLIB_INSTALL_NAME_BASE = "@rpath";
				INFOPLIST_FILE = SwiftGui/Info.plist;
				INSTALL_PATH = "$(LOCAL_LIBRARY_DIR)/Frameworks";
				IPHONEOS_DEPLOYMENT_TARGET = 11.0;
				LD_RUNPATH_SEARCH_PATHS = (
					"$(inherited)",
					"@executable_path/../Frameworks",
					"@loader_path/Frameworks",
				);
				MARKETING_VERSION = 0.2;
				PRODUCT_BUNDLE_IDENTIFIER = com.erickjung.SwiftGui;
				PRODUCT_NAME = "$(TARGET_NAME:c99extidentifier)";
				PROVISIONING_PROFILE_SPECIFIER = "";
				SKIP_INSTALL = YES;
				SUPPORTED_PLATFORMS = "macosx iphonesimulator iphoneos";
				SWIFT_OPTIMIZATION_LEVEL = "-Onone";
				SWIFT_VERSION = 5.0;
			};
			name = Debug;
		};
		B67E1C57236BB20400216EA2 /* Release */ = {
			isa = XCBuildConfiguration;
			buildSettings = {
				CLANG_ENABLE_MODULES = YES;
				CODE_SIGN_STYLE = Manual;
				COMBINE_HIDPI_IMAGES = YES;
				CURRENT_PROJECT_VERSION = 1;
				DEFINES_MODULE = YES;
				DEVELOPMENT_TEAM = "";
				DYLIB_COMPATIBILITY_VERSION = 1;
				DYLIB_CURRENT_VERSION = 1;
				DYLIB_INSTALL_NAME_BASE = "@rpath";
				INFOPLIST_FILE = SwiftGui/Info.plist;
				INSTALL_PATH = "$(LOCAL_LIBRARY_DIR)/Frameworks";
				IPHONEOS_DEPLOYMENT_TARGET = 11.0;
				LD_RUNPATH_SEARCH_PATHS = (
					"$(inherited)",
					"@executable_path/../Frameworks",
					"@loader_path/Frameworks",
				);
				MARKETING_VERSION = 0.2;
				PRODUCT_BUNDLE_IDENTIFIER = com.erickjung.SwiftGui;
				PRODUCT_NAME = "$(TARGET_NAME:c99extidentifier)";
				PROVISIONING_PROFILE_SPECIFIER = "";
				SKIP_INSTALL = YES;
				SUPPORTED_PLATFORMS = "macosx iphonesimulator iphoneos";
				SWIFT_VERSION = 5.0;
			};
			name = Release;
		};
/* End XCBuildConfiguration section */

/* Begin XCConfigurationList section */
		B67E1C47236BB20400216EA2 /* Build configuration list for PBXProject "SwiftGui" */ = {
			isa = XCConfigurationList;
			buildConfigurations = (
				B67E1C53236BB20400216EA2 /* Debug */,
				B67E1C54236BB20400216EA2 /* Release */,
			);
			defaultConfigurationIsVisible = 0;
			defaultConfigurationName = Release;
		};
		B67E1C55236BB20400216EA2 /* Build configuration list for PBXNativeTarget "SwiftGui" */ = {
			isa = XCConfigurationList;
			buildConfigurations = (
				B67E1C56236BB20400216EA2 /* Debug */,
				B67E1C57236BB20400216EA2 /* Release */,
			);
			defaultConfigurationIsVisible = 0;
			defaultConfigurationName = Release;
		};
/* End XCConfigurationList section */
	};
	rootObject = B67E1C44236BB20400216EA2 /* Project object */;
}
