// !$*UTF8*$!
{
	archiveVersion = 1;
	classes = {
	};
	objectVersion = 50;
	objects = {

/* Begin PBXBuildFile section */
		B625A1AD2376DD820077717D /* MTKViewController.swift in Sources */ = {isa = PBXBuildFile; fileRef = B625A1AC2376DD820077717D /* MTKViewController.swift */; };
		B65199002463891500E0EB6A /* SwiftGuiMac.framework in Frameworks */ = {isa = PBXBuildFile; fileRef = B65198FF2463891500E0EB6A /* SwiftGuiMac.framework */; };
		B65199012463891500E0EB6A /* SwiftGuiMac.framework in Embed Frameworks */ = {isa = PBXBuildFile; fileRef = B65198FF2463891500E0EB6A /* SwiftGuiMac.framework */; settings = {ATTRIBUTES = (CodeSignOnCopy, RemoveHeadersOnCopy, ); }; };
		B67E1D21236BB8F800216EA2 /* AppDelegate.swift in Sources */ = {isa = PBXBuildFile; fileRef = B67E1D20236BB8F800216EA2 /* AppDelegate.swift */; };
		B67E1D23236BB8F800216EA2 /* ViewController.swift in Sources */ = {isa = PBXBuildFile; fileRef = B67E1D22236BB8F800216EA2 /* ViewController.swift */; };
		B67E1D25236BB8F800216EA2 /* Assets.xcassets in Resources */ = {isa = PBXBuildFile; fileRef = B67E1D24236BB8F800216EA2 /* Assets.xcassets */; };
		B67E1D28236BB8F800216EA2 /* Main.storyboard in Resources */ = {isa = PBXBuildFile; fileRef = B67E1D26236BB8F800216EA2 /* Main.storyboard */; };
		B67E1D3D236BBB6900216EA2 /* Metal.framework in Frameworks */ = {isa = PBXBuildFile; fileRef = B67E1D3B236BBB6900216EA2 /* Metal.framework */; };
		B67E1D3E236BBB6900216EA2 /* MetalKit.framework in Frameworks */ = {isa = PBXBuildFile; fileRef = B67E1D3C236BBB6900216EA2 /* MetalKit.framework */; };
/* End PBXBuildFile section */

/* Begin PBXCopyFilesBuildPhase section */
		B65199022463891500E0EB6A /* Embed Frameworks */ = {
			isa = PBXCopyFilesBuildPhase;
			buildActionMask = 2147483647;
			dstPath = "";
			dstSubfolderSpec = 10;
			files = (
				B65199012463891500E0EB6A /* SwiftGuiMac.framework in Embed Frameworks */,
			);
			name = "Embed Frameworks";
			runOnlyForDeploymentPostprocessing = 0;
		};
/* End PBXCopyFilesBuildPhase section */

/* Begin PBXFileReference section */
		B625A1AC2376DD820077717D /* MTKViewController.swift */ = {isa = PBXFileReference; lastKnownFileType = sourcecode.swift; path = MTKViewController.swift; sourceTree = "<group>"; };
		B65198FF2463891500E0EB6A /* SwiftGuiMac.framework */ = {isa = PBXFileReference; explicitFileType = wrapper.framework; path = SwiftGuiMac.framework; sourceTree = BUILT_PRODUCTS_DIR; };
		B67E1D1D236BB8F800216EA2 /* Sample02-macOS.app */ = {isa = PBXFileReference; explicitFileType = wrapper.application; includeInIndex = 0; path = "Sample02-macOS.app"; sourceTree = BUILT_PRODUCTS_DIR; };
		B67E1D20236BB8F800216EA2 /* AppDelegate.swift */ = {isa = PBXFileReference; lastKnownFileType = sourcecode.swift; path = AppDelegate.swift; sourceTree = "<group>"; };
		B67E1D22236BB8F800216EA2 /* ViewController.swift */ = {isa = PBXFileReference; lastKnownFileType = sourcecode.swift; path = ViewController.swift; sourceTree = "<group>"; };
		B67E1D24236BB8F800216EA2 /* Assets.xcassets */ = {isa = PBXFileReference; lastKnownFileType = folder.assetcatalog; path = Assets.xcassets; sourceTree = "<group>"; };
		B67E1D27236BB8F800216EA2 /* Base */ = {isa = PBXFileReference; lastKnownFileType = file.storyboard; name = Base; path = Base.lproj/Main.storyboard; sourceTree = "<group>"; };
		B67E1D29236BB8F800216EA2 /* Info.plist */ = {isa = PBXFileReference; lastKnownFileType = text.plist.xml; path = Info.plist; sourceTree = "<group>"; };
		B67E1D2A236BB8F800216EA2 /* Sample02_macOS.entitlements */ = {isa = PBXFileReference; lastKnownFileType = text.plist.entitlements; path = Sample02_macOS.entitlements; sourceTree = "<group>"; };
		B67E1D31236BB91E00216EA2 /* SwiftGui.framework */ = {isa = PBXFileReference; explicitFileType = wrapper.framework; path = SwiftGui.framework; sourceTree = BUILT_PRODUCTS_DIR; };
		B67E1D32236BB91E00216EA2 /* SwiftGui_Platform.framework */ = {isa = PBXFileReference; explicitFileType = wrapper.framework; path = SwiftGui_Platform.framework; sourceTree = BUILT_PRODUCTS_DIR; };
		B67E1D3B236BBB6900216EA2 /* Metal.framework */ = {isa = PBXFileReference; lastKnownFileType = wrapper.framework; name = Metal.framework; path = System/Library/Frameworks/Metal.framework; sourceTree = SDKROOT; };
		B67E1D3C236BBB6900216EA2 /* MetalKit.framework */ = {isa = PBXFileReference; lastKnownFileType = wrapper.framework; name = MetalKit.framework; path = System/Library/Frameworks/MetalKit.framework; sourceTree = SDKROOT; };
		B6E3BE56236ECF8100C1E1CF /* SwiftGui_PlatformOSX.framework */ = {isa = PBXFileReference; explicitFileType = wrapper.framework; path = SwiftGui_PlatformOSX.framework; sourceTree = BUILT_PRODUCTS_DIR; };
/* End PBXFileReference section */

/* Begin PBXFrameworksBuildPhase section */
		B67E1D1A236BB8F800216EA2 /* Frameworks */ = {
			isa = PBXFrameworksBuildPhase;
			buildActionMask = 2147483647;
			files = (
				B65199002463891500E0EB6A /* SwiftGuiMac.framework in Frameworks */,
				B67E1D3E236BBB6900216EA2 /* MetalKit.framework in Frameworks */,
				B67E1D3D236BBB6900216EA2 /* Metal.framework in Frameworks */,
			);
			runOnlyForDeploymentPostprocessing = 0;
		};
/* End PBXFrameworksBuildPhase section */

/* Begin PBXGroup section */
		B67E1D14236BB8F800216EA2 = {
			isa = PBXGroup;
			children = (
				B67E1D1F236BB8F800216EA2 /* Sample02-macOS */,
				B67E1D1E236BB8F800216EA2 /* Products */,
				B67E1D30236BB91E00216EA2 /* Frameworks */,
			);
			sourceTree = "<group>";
		};
		B67E1D1E236BB8F800216EA2 /* Products */ = {
			isa = PBXGroup;
			children = (
				B67E1D1D236BB8F800216EA2 /* Sample02-macOS.app */,
			);
			name = Products;
			sourceTree = "<group>";
		};
		B67E1D1F236BB8F800216EA2 /* Sample02-macOS */ = {
			isa = PBXGroup;
			children = (
				B67E1D20236BB8F800216EA2 /* AppDelegate.swift */,
				B67E1D24236BB8F800216EA2 /* Assets.xcassets */,
				B67E1D29236BB8F800216EA2 /* Info.plist */,
				B67E1D26236BB8F800216EA2 /* Main.storyboard */,
				B625A1AC2376DD820077717D /* MTKViewController.swift */,
				B67E1D2A236BB8F800216EA2 /* Sample02_macOS.entitlements */,
				B67E1D22236BB8F800216EA2 /* ViewController.swift */,
			);
			path = "Sample02-macOS";
			sourceTree = "<group>";
		};
		B67E1D30236BB91E00216EA2 /* Frameworks */ = {
			isa = PBXGroup;
			children = (
				B65198FF2463891500E0EB6A /* SwiftGuiMac.framework */,
				B6E3BE56236ECF8100C1E1CF /* SwiftGui_PlatformOSX.framework */,
				B67E1D3B236BBB6900216EA2 /* Metal.framework */,
				B67E1D3C236BBB6900216EA2 /* MetalKit.framework */,
				B67E1D31236BB91E00216EA2 /* SwiftGui.framework */,
				B67E1D32236BB91E00216EA2 /* SwiftGui_Platform.framework */,
			);
			name = Frameworks;
			sourceTree = "<group>";
		};
/* End PBXGroup section */

/* Begin PBXNativeTarget section */
		B67E1D1C236BB8F800216EA2 /* Sample02-macOS */ = {
			isa = PBXNativeTarget;
			buildConfigurationList = B67E1D2D236BB8F800216EA2 /* Build configuration list for PBXNativeTarget "Sample02-macOS" */;
			buildPhases = (
				B67E1D19236BB8F800216EA2 /* Sources */,
				B67E1D1A236BB8F800216EA2 /* Frameworks */,
				B67E1D1B236BB8F800216EA2 /* Resources */,
				B65199022463891500E0EB6A /* Embed Frameworks */,
			);
			buildRules = (
			);
			dependencies = (
			);
			name = "Sample02-macOS";
			productName = "Sample02-macOS";
			productReference = B67E1D1D236BB8F800216EA2 /* Sample02-macOS.app */;
			productType = "com.apple.product-type.application";
		};
/* End PBXNativeTarget section */

/* Begin PBXProject section */
		B67E1D15236BB8F800216EA2 /* Project object */ = {
			isa = PBXProject;
			attributes = {
				LastSwiftUpdateCheck = 1110;
				LastUpgradeCheck = 1110;
				ORGANIZATIONNAME = "Erick Jung";
				TargetAttributes = {
					B67E1D1C236BB8F800216EA2 = {
						CreatedOnToolsVersion = 11.1;
					};
				};
			};
			buildConfigurationList = B67E1D18236BB8F800216EA2 /* Build configuration list for PBXProject "Sample02-macOS" */;
			compatibilityVersion = "Xcode 9.3";
			developmentRegion = en;
			hasScannedForEncodings = 0;
			knownRegions = (
				en,
				Base,
			);
			mainGroup = B67E1D14236BB8F800216EA2;
			productRefGroup = B67E1D1E236BB8F800216EA2 /* Products */;
			projectDirPath = "";
			projectRoot = "";
			targets = (
				B67E1D1C236BB8F800216EA2 /* Sample02-macOS */,
			);
		};
/* End PBXProject section */

/* Begin PBXResourcesBuildPhase section */
		B67E1D1B236BB8F800216EA2 /* Resources */ = {
			isa = PBXResourcesBuildPhase;
			buildActionMask = 2147483647;
			files = (
				B67E1D25236BB8F800216EA2 /* Assets.xcassets in Resources */,
				B67E1D28236BB8F800216EA2 /* Main.storyboard in Resources */,
			);
			runOnlyForDeploymentPostprocessing = 0;
		};
/* End PBXResourcesBuildPhase section */

/* Begin PBXSourcesBuildPhase section */
		B67E1D19236BB8F800216EA2 /* Sources */ = {
			isa = PBXSourcesBuildPhase;
			buildActionMask = 2147483647;
			files = (
				B67E1D23236BB8F800216EA2 /* ViewController.swift in Sources */,
				B67E1D21236BB8F800216EA2 /* AppDelegate.swift in Sources */,
				B625A1AD2376DD820077717D /* MTKViewController.swift in Sources */,
			);
			runOnlyForDeploymentPostprocessing = 0;
		};
/* End PBXSourcesBuildPhase section */

/* Begin PBXVariantGroup section */
		B67E1D26236BB8F800216EA2 /* Main.storyboard */ = {
			isa = PBXVariantGroup;
			children = (
				B67E1D27236BB8F800216EA2 /* Base */,
			);
			name = Main.storyboard;
			sourceTree = "<group>";
		};
/* End PBXVariantGroup section */

/* Begin XCBuildConfiguration section */
		B67E1D2B236BB8F800216EA2 /* Debug */ = {
			isa = XCBuildConfiguration;
			buildSettings = {
				ALWAYS_SEARCH_USER_PATHS = NO;
				CLANG_ANALYZER_NONNULL = YES;
				CLANG_ANALYZER_NUMBER_OBJECT_CONVERSION = YES_AGGRESSIVE;
				CLANG_CXX_LANGUAGE_STANDARD = "gnu++14";
				CLANG_CXX_LIBRARY = "libc++";
				CLANG_ENABLE_MODULES = YES;
				CLANG_ENABLE_OBJC_ARC = YES;
				CLANG_ENABLE_OBJC_WEAK = YES;
				CLANG_WARN_BLOCK_CAPTURE_AUTORELEASING = YES;
				CLANG_WARN_BOOL_CONVERSION = YES;
				CLANG_WARN_COMMA = YES;
				CLANG_WARN_CONSTANT_CONVERSION = YES;
				CLANG_WARN_DEPRECATED_OBJC_IMPLEMENTATIONS = YES;
				CLANG_WARN_DIRECT_OBJC_ISA_USAGE = YES_ERROR;
				CLANG_WARN_DOCUMENTATION_COMMENTS = YES;
				CLANG_WARN_EMPTY_BODY = YES;
				CLANG_WARN_ENUM_CONVERSION = YES;
				CLANG_WARN_INFINITE_RECURSION = YES;
				CLANG_WARN_INT_CONVERSION = YES;
				CLANG_WARN_NON_LITERAL_NULL_CONVERSION = YES;
				CLANG_WARN_OBJC_IMPLICIT_RETAIN_SELF = YES;
				CLANG_WARN_OBJC_LITERAL_CONVERSION = YES;
				CLANG_WARN_OBJC_ROOT_CLASS = YES_ERROR;
				CLANG_WARN_RANGE_LOOP_ANALYSIS = YES;
				CLANG_WARN_STRICT_PROTOTYPES = YES;
				CLANG_WARN_SUSPICIOUS_MOVE = YES;
				CLANG_WARN_UNGUARDED_AVAILABILITY = YES_AGGRESSIVE;
				CLANG_WARN_UNREACHABLE_CODE = YES;
				CLANG_WARN__DUPLICATE_METHOD_MATCH = YES;
				COPY_PHASE_STRIP = NO;
				DEBUG_INFORMATION_FORMAT = dwarf;
				ENABLE_STRICT_OBJC_MSGSEND = YES;
				ENABLE_TESTABILITY = YES;
				GCC_C_LANGUAGE_STANDARD = gnu11;
				GCC_DYNAMIC_NO_PIC = NO;
				GCC_NO_COMMON_BLOCKS = YES;
				GCC_OPTIMIZATION_LEVEL = 0;
				GCC_PREPROCESSOR_DEFINITIONS = (
					"DEBUG=1",
					"$(inherited)",
				);
				GCC_WARN_64_TO_32_BIT_CONVERSION = YES;
				GCC_WARN_ABOUT_RETURN_TYPE = YES_ERROR;
				GCC_WARN_UNDECLARED_SELECTOR = YES;
				GCC_WARN_UNINITIALIZED_AUTOS = YES_AGGRESSIVE;
				GCC_WARN_UNUSED_FUNCTION = YES;
				GCC_WARN_UNUSED_VARIABLE = YES;
				MACOSX_DEPLOYMENT_TARGET = 10.13;
				MTL_ENABLE_DEBUG_INFO = INCLUDE_SOURCE;
				MTL_FAST_MATH = YES;
				ONLY_ACTIVE_ARCH = YES;
				SDKROOT = macosx;
				SWIFT_ACTIVE_COMPILATION_CONDITIONS = DEBUG;
				SWIFT_OPTIMIZATION_LEVEL = "-Onone";
			};
			name = Debug;
		};
		B67E1D2C236BB8F800216EA2 /* Release */ = {
			isa = XCBuildConfiguration;
			buildSettings = {
				ALWAYS_SEARCH_USER_PATHS = NO;
				CLANG_ANALYZER_NONNULL = YES;
				CLANG_ANALYZER_NUMBER_OBJECT_CONVERSION = YES_AGGRESSIVE;
				CLANG_CXX_LANGUAGE_STANDARD = "gnu++14";
				CLANG_CXX_LIBRARY = "libc++";
				CLANG_ENABLE_MODULES = YES;
				CLANG_ENABLE_OBJC_ARC = YES;
				CLANG_ENABLE_OBJC_WEAK = YES;
				CLANG_WARN_BLOCK_CAPTURE_AUTORELEASING = YES;
				CLANG_WARN_BOOL_CONVERSION = YES;
				CLANG_WARN_COMMA = YES;
				CLANG_WARN_CONSTANT_CONVERSION = YES;
				CLANG_WARN_DEPRECATED_OBJC_IMPLEMENTATIONS = YES;
				CLANG_WARN_DIRECT_OBJC_ISA_USAGE = YES_ERROR;
				CLANG_WARN_DOCUMENTATION_COMMENTS = YES;
				CLANG_WARN_EMPTY_BODY = YES;
				CLANG_WARN_ENUM_CONVERSION = YES;
				CLANG_WARN_INFINITE_RECURSION = YES;
				CLANG_WARN_INT_CONVERSION = YES;
				CLANG_WARN_NON_LITERAL_NULL_CONVERSION = YES;
				CLANG_WARN_OBJC_IMPLICIT_RETAIN_SELF = YES;
				CLANG_WARN_OBJC_LITERAL_CONVERSION = YES;
				CLANG_WARN_OBJC_ROOT_CLASS = YES_ERROR;
				CLANG_WARN_RANGE_LOOP_ANALYSIS = YES;
				CLANG_WARN_STRICT_PROTOTYPES = YES;
				CLANG_WARN_SUSPICIOUS_MOVE = YES;
				CLANG_WARN_UNGUARDED_AVAILABILITY = YES_AGGRESSIVE;
				CLANG_WARN_UNREACHABLE_CODE = YES;
				CLANG_WARN__DUPLICATE_METHOD_MATCH = YES;
				COPY_PHASE_STRIP = NO;
				DEBUG_INFORMATION_FORMAT = "dwarf-with-dsym";
				ENABLE_NS_ASSERTIONS = NO;
				ENABLE_STRICT_OBJC_MSGSEND = YES;
				GCC_C_LANGUAGE_STANDARD = gnu11;
				GCC_NO_COMMON_BLOCKS = YES;
				GCC_WARN_64_TO_32_BIT_CONVERSION = YES;
				GCC_WARN_ABOUT_RETURN_TYPE = YES_ERROR;
				GCC_WARN_UNDECLARED_SELECTOR = YES;
				GCC_WARN_UNINITIALIZED_AUTOS = YES_AGGRESSIVE;
				GCC_WARN_UNUSED_FUNCTION = YES;
				GCC_WARN_UNUSED_VARIABLE = YES;
				MACOSX_DEPLOYMENT_TARGET = 10.13;
				MTL_ENABLE_DEBUG_INFO = NO;
				MTL_FAST_MATH = YES;
				SDKROOT = macosx;
				SWIFT_COMPILATION_MODE = wholemodule;
				SWIFT_OPTIMIZATION_LEVEL = "-O";
			};
			name = Release;
		};
		B67E1D2E236BB8F800216EA2 /* Debug */ = {
			isa = XCBuildConfiguration;
			buildSettings = {
				ASSETCATALOG_COMPILER_APPICON_NAME = AppIcon;
				CODE_SIGN_ENTITLEMENTS = "Sample02-macOS/Sample02_macOS.entitlements";
				CODE_SIGN_STYLE = Manual;
				COMBINE_HIDPI_IMAGES = YES;
				CURRENT_PROJECT_VERSION = 0;
				DEVELOPMENT_TEAM = "";
				INFOPLIST_FILE = "Sample02-macOS/Info.plist";
				LD_RUNPATH_SEARCH_PATHS = (
					"$(inherited)",
					"@executable_path/../Frameworks",
				);
				MARKETING_VERSION = 0.6.1;
				PRODUCT_BUNDLE_IDENTIFIER = "com.erickjung.Sample02-macOS";
				PRODUCT_NAME = "$(TARGET_NAME)";
				PROVISIONING_PROFILE_SPECIFIER = "";
				SWIFT_VERSION = 5.0;
			};
			name = Debug;
		};
		B67E1D2F236BB8F800216EA2 /* Release */ = {
			isa = XCBuildConfiguration;
			buildSettings = {
				ASSETCATALOG_COMPILER_APPICON_NAME = AppIcon;
				CODE_SIGN_ENTITLEMENTS = "Sample02-macOS/Sample02_macOS.entitlements";
				CODE_SIGN_STYLE = Manual;
				COMBINE_HIDPI_IMAGES = YES;
				CURRENT_PROJECT_VERSION = 0;
				DEVELOPMENT_TEAM = "";
				INFOPLIST_FILE = "Sample02-macOS/Info.plist";
				LD_RUNPATH_SEARCH_PATHS = (
					"$(inherited)",
					"@executable_path/../Frameworks",
				);
				MARKETING_VERSION = 0.6.1;
				PRODUCT_BUNDLE_IDENTIFIER = "com.erickjung.Sample02-macOS";
				PRODUCT_NAME = "$(TARGET_NAME)";
				PROVISIONING_PROFILE_SPECIFIER = "";
				SWIFT_VERSION = 5.0;
			};
			name = Release;
		};
/* End XCBuildConfiguration section */

/* Begin XCConfigurationList section */
		B67E1D18236BB8F800216EA2 /* Build configuration list for PBXProject "Sample02-macOS" */ = {
			isa = XCConfigurationList;
			buildConfigurations = (
				B67E1D2B236BB8F800216EA2 /* Debug */,
				B67E1D2C236BB8F800216EA2 /* Release */,
			);
			defaultConfigurationIsVisible = 0;
			defaultConfigurationName = Release;
		};
		B67E1D2D236BB8F800216EA2 /* Build configuration list for PBXNativeTarget "Sample02-macOS" */ = {
			isa = XCConfigurationList;
			buildConfigurations = (
				B67E1D2E236BB8F800216EA2 /* Debug */,
				B67E1D2F236BB8F800216EA2 /* Release */,
			);
			defaultConfigurationIsVisible = 0;
			defaultConfigurationName = Release;
		};
/* End XCConfigurationList section */
	};
	rootObject = B67E1D15236BB8F800216EA2 /* Project object */;
}
