// !$*UTF8*$!
{
	archiveVersion = 1;
	classes = {
	};
	objectVersion = 50;
	objects = {

/* Begin PBXBuildFile section */
		B67E1D4C236BBCFA00216EA2 /* AppDelegate.swift in Sources */ = {isa = PBXBuildFile; fileRef = B67E1D4B236BBCFA00216EA2 /* AppDelegate.swift */; };
		B67E1D4E236BBCFA00216EA2 /* SceneDelegate.swift in Sources */ = {isa = PBXBuildFile; fileRef = B67E1D4D236BBCFA00216EA2 /* SceneDelegate.swift */; };
		B67E1D50236BBCFA00216EA2 /* ViewController.swift in Sources */ = {isa = PBXBuildFile; fileRef = B67E1D4F236BBCFA00216EA2 /* ViewController.swift */; };
		B67E1D53236BBCFA00216EA2 /* Main.storyboard in Resources */ = {isa = PBXBuildFile; fileRef = B67E1D51236BBCFA00216EA2 /* Main.storyboard */; };
		B67E1D55236BBCFB00216EA2 /* Assets.xcassets in Resources */ = {isa = PBXBuildFile; fileRef = B67E1D54236BBCFB00216EA2 /* Assets.xcassets */; };
		B67E1D58236BBCFB00216EA2 /* LaunchScreen.storyboard in Resources */ = {isa = PBXBuildFile; fileRef = B67E1D56236BBCFB00216EA2 /* LaunchScreen.storyboard */; };
		B67E1D62236BBD5A00216EA2 /* SwiftGui.framework in Frameworks */ = {isa = PBXBuildFile; fileRef = B67E1D60236BBD5A00216EA2 /* SwiftGui.framework */; };
		B67E1D63236BBD5A00216EA2 /* SwiftGui.framework in Embed Frameworks */ = {isa = PBXBuildFile; fileRef = B67E1D60236BBD5A00216EA2 /* SwiftGui.framework */; settings = {ATTRIBUTES = (CodeSignOnCopy, RemoveHeadersOnCopy, ); }; };
		B67E1D94236C45EF00216EA2 /* SwiftGui_PlatformiOS.framework in Frameworks */ = {isa = PBXBuildFile; fileRef = B67E1D93236C45EF00216EA2 /* SwiftGui_PlatformiOS.framework */; };
		B67E1D95236C45EF00216EA2 /* SwiftGui_PlatformiOS.framework in Embed Frameworks */ = {isa = PBXBuildFile; fileRef = B67E1D93236C45EF00216EA2 /* SwiftGui_PlatformiOS.framework */; settings = {ATTRIBUTES = (CodeSignOnCopy, RemoveHeadersOnCopy, ); }; };
		B67E1D96236C488900216EA2 /* Metal.framework in Frameworks */ = {isa = PBXBuildFile; fileRef = B67E1D68236BBD6400216EA2 /* Metal.framework */; };
		B67E1D97236C488900216EA2 /* MetalKit.framework in Frameworks */ = {isa = PBXBuildFile; fileRef = B67E1D67236BBD6400216EA2 /* MetalKit.framework */; };
		B6E3BE89236ED1E100C1E1CF /* CImGui.framework in Frameworks */ = {isa = PBXBuildFile; fileRef = B6E3BC9A236C4D5400C1E1CF /* CImGui.framework */; };
		B6E3BE8A236ED1E100C1E1CF /* CImGui.framework in Embed Frameworks */ = {isa = PBXBuildFile; fileRef = B6E3BC9A236C4D5400C1E1CF /* CImGui.framework */; settings = {ATTRIBUTES = (CodeSignOnCopy, RemoveHeadersOnCopy, ); }; };
/* End PBXBuildFile section */

/* Begin PBXContainerItemProxy section */
		B6E3BCB8236D98D700C1E1CF /* PBXContainerItemProxy */ = {
			isa = PBXContainerItemProxy;
			containerPortal = B6E3BCB4236D98D700C1E1CF /* CImGuiLib.xcodeproj */;
			proxyType = 2;
			remoteGlobalIDString = B6E3BCA8236D98C700C1E1CF;
			remoteInfo = CImGuiLib;
		};
/* End PBXContainerItemProxy section */

/* Begin PBXCopyFilesBuildPhase section */
		B67E1D66236BBD5A00216EA2 /* Embed Frameworks */ = {
			isa = PBXCopyFilesBuildPhase;
			buildActionMask = 2147483647;
			dstPath = "";
			dstSubfolderSpec = 10;
			files = (
				B67E1D63236BBD5A00216EA2 /* SwiftGui.framework in Embed Frameworks */,
				B6E3BE8A236ED1E100C1E1CF /* CImGui.framework in Embed Frameworks */,
				B67E1D95236C45EF00216EA2 /* SwiftGui_PlatformiOS.framework in Embed Frameworks */,
			);
			name = "Embed Frameworks";
			runOnlyForDeploymentPostprocessing = 0;
		};
/* End PBXCopyFilesBuildPhase section */

/* Begin PBXFileReference section */
		B67E1D48236BBCFA00216EA2 /* Sample01-iOS.app */ = {isa = PBXFileReference; explicitFileType = wrapper.application; includeInIndex = 0; path = "Sample01-iOS.app"; sourceTree = BUILT_PRODUCTS_DIR; };
		B67E1D4B236BBCFA00216EA2 /* AppDelegate.swift */ = {isa = PBXFileReference; lastKnownFileType = sourcecode.swift; path = AppDelegate.swift; sourceTree = "<group>"; };
		B67E1D4D236BBCFA00216EA2 /* SceneDelegate.swift */ = {isa = PBXFileReference; lastKnownFileType = sourcecode.swift; path = SceneDelegate.swift; sourceTree = "<group>"; };
		B67E1D4F236BBCFA00216EA2 /* ViewController.swift */ = {isa = PBXFileReference; lastKnownFileType = sourcecode.swift; path = ViewController.swift; sourceTree = "<group>"; };
		B67E1D52236BBCFA00216EA2 /* Base */ = {isa = PBXFileReference; lastKnownFileType = file.storyboard; name = Base; path = Base.lproj/Main.storyboard; sourceTree = "<group>"; };
		B67E1D54236BBCFB00216EA2 /* Assets.xcassets */ = {isa = PBXFileReference; lastKnownFileType = folder.assetcatalog; path = Assets.xcassets; sourceTree = "<group>"; };
		B67E1D57236BBCFB00216EA2 /* Base */ = {isa = PBXFileReference; lastKnownFileType = file.storyboard; name = Base; path = Base.lproj/LaunchScreen.storyboard; sourceTree = "<group>"; };
		B67E1D59236BBCFB00216EA2 /* Info.plist */ = {isa = PBXFileReference; lastKnownFileType = text.plist.xml; path = Info.plist; sourceTree = "<group>"; };
		B67E1D60236BBD5A00216EA2 /* SwiftGui.framework */ = {isa = PBXFileReference; explicitFileType = wrapper.framework; path = SwiftGui.framework; sourceTree = BUILT_PRODUCTS_DIR; };
		B67E1D61236BBD5A00216EA2 /* SwiftGui_Platform.framework */ = {isa = PBXFileReference; explicitFileType = wrapper.framework; path = SwiftGui_Platform.framework; sourceTree = BUILT_PRODUCTS_DIR; };
		B67E1D67236BBD6400216EA2 /* MetalKit.framework */ = {isa = PBXFileReference; lastKnownFileType = wrapper.framework; name = MetalKit.framework; path = System/Library/Frameworks/MetalKit.framework; sourceTree = SDKROOT; };
		B67E1D68236BBD6400216EA2 /* Metal.framework */ = {isa = PBXFileReference; lastKnownFileType = wrapper.framework; name = Metal.framework; path = System/Library/Frameworks/Metal.framework; sourceTree = SDKROOT; };
		B67E1D93236C45EF00216EA2 /* SwiftGui_PlatformiOS.framework */ = {isa = PBXFileReference; explicitFileType = wrapper.framework; path = SwiftGui_PlatformiOS.framework; sourceTree = BUILT_PRODUCTS_DIR; };
		B6E3BC9A236C4D5400C1E1CF /* CImGui.framework */ = {isa = PBXFileReference; explicitFileType = wrapper.framework; path = CImGui.framework; sourceTree = BUILT_PRODUCTS_DIR; };
		B6E3BCB4236D98D700C1E1CF /* CImGuiLib.xcodeproj */ = {isa = PBXFileReference; lastKnownFileType = "wrapper.pb-project"; name = CImGuiLib.xcodeproj; path = ../../../CImGuiLib/CImGuiLib.xcodeproj; sourceTree = "<group>"; };
/* End PBXFileReference section */

/* Begin PBXFrameworksBuildPhase section */
		B67E1D45236BBCFA00216EA2 /* Frameworks */ = {
			isa = PBXFrameworksBuildPhase;
			buildActionMask = 2147483647;
			files = (
				B6E3BE89236ED1E100C1E1CF /* CImGui.framework in Frameworks */,
				B67E1D62236BBD5A00216EA2 /* SwiftGui.framework in Frameworks */,
				B67E1D97236C488900216EA2 /* MetalKit.framework in Frameworks */,
				B67E1D96236C488900216EA2 /* Metal.framework in Frameworks */,
				B67E1D94236C45EF00216EA2 /* SwiftGui_PlatformiOS.framework in Frameworks */,
			);
			runOnlyForDeploymentPostprocessing = 0;
		};
/* End PBXFrameworksBuildPhase section */

/* Begin PBXGroup section */
		B67E1D3F236BBCFA00216EA2 = {
			isa = PBXGroup;
			children = (
				B67E1D4A236BBCFA00216EA2 /* Sample01-iOS */,
				B67E1D49236BBCFA00216EA2 /* Products */,
				B67E1D5F236BBD5A00216EA2 /* Frameworks */,
			);
			sourceTree = "<group>";
		};
		B67E1D49236BBCFA00216EA2 /* Products */ = {
			isa = PBXGroup;
			children = (
				B67E1D48236BBCFA00216EA2 /* Sample01-iOS.app */,
			);
			name = Products;
			sourceTree = "<group>";
		};
		B67E1D4A236BBCFA00216EA2 /* Sample01-iOS */ = {
			isa = PBXGroup;
			children = (
				B67E1D4B236BBCFA00216EA2 /* AppDelegate.swift */,
				B67E1D4D236BBCFA00216EA2 /* SceneDelegate.swift */,
				B67E1D4F236BBCFA00216EA2 /* ViewController.swift */,
				B67E1D51236BBCFA00216EA2 /* Main.storyboard */,
				B67E1D54236BBCFB00216EA2 /* Assets.xcassets */,
				B67E1D56236BBCFB00216EA2 /* LaunchScreen.storyboard */,
				B67E1D59236BBCFB00216EA2 /* Info.plist */,
			);
			path = "Sample01-iOS";
			sourceTree = "<group>";
		};
		B67E1D5F236BBD5A00216EA2 /* Frameworks */ = {
			isa = PBXGroup;
			children = (
				B6E3BCB4236D98D700C1E1CF /* CImGuiLib.xcodeproj */,
				B6E3BC9A236C4D5400C1E1CF /* CImGui.framework */,
				B67E1D93236C45EF00216EA2 /* SwiftGui_PlatformiOS.framework */,
				B67E1D68236BBD6400216EA2 /* Metal.framework */,
				B67E1D67236BBD6400216EA2 /* MetalKit.framework */,
				B67E1D60236BBD5A00216EA2 /* SwiftGui.framework */,
				B67E1D61236BBD5A00216EA2 /* SwiftGui_Platform.framework */,
			);
			name = Frameworks;
			sourceTree = "<group>";
		};
		B6E3BCB5236D98D700C1E1CF /* Products */ = {
			isa = PBXGroup;
			children = (
				B6E3BCB9236D98D700C1E1CF /* libCImGuiLib.a */,
			);
			name = Products;
			sourceTree = "<group>";
		};
/* End PBXGroup section */

/* Begin PBXNativeTarget section */
		B67E1D47236BBCFA00216EA2 /* Sample01-iOS */ = {
			isa = PBXNativeTarget;
			buildConfigurationList = B67E1D5C236BBCFB00216EA2 /* Build configuration list for PBXNativeTarget "Sample01-iOS" */;
			buildPhases = (
				B67E1D44236BBCFA00216EA2 /* Sources */,
				B67E1D45236BBCFA00216EA2 /* Frameworks */,
				B67E1D46236BBCFA00216EA2 /* Resources */,
				B67E1D66236BBD5A00216EA2 /* Embed Frameworks */,
			);
			buildRules = (
			);
			dependencies = (
			);
			name = "Sample01-iOS";
			productName = "Sample01-iOS";
			productReference = B67E1D48236BBCFA00216EA2 /* Sample01-iOS.app */;
			productType = "com.apple.product-type.application";
		};
/* End PBXNativeTarget section */

/* Begin PBXProject section */
		B67E1D40236BBCFA00216EA2 /* Project object */ = {
			isa = PBXProject;
			attributes = {
				LastSwiftUpdateCheck = 1110;
				LastUpgradeCheck = 1110;
				ORGANIZATIONNAME = "Erick Jung";
				TargetAttributes = {
					B67E1D47236BBCFA00216EA2 = {
						CreatedOnToolsVersion = 11.1;
					};
				};
			};
			buildConfigurationList = B67E1D43236BBCFA00216EA2 /* Build configuration list for PBXProject "Sample01-iOS" */;
			compatibilityVersion = "Xcode 9.3";
			developmentRegion = en;
			hasScannedForEncodings = 0;
			knownRegions = (
				en,
				Base,
			);
			mainGroup = B67E1D3F236BBCFA00216EA2;
			productRefGroup = B67E1D49236BBCFA00216EA2 /* Products */;
			projectDirPath = "";
			projectReferences = (
				{
					ProductGroup = B6E3BCB5236D98D700C1E1CF /* Products */;
					ProjectRef = B6E3BCB4236D98D700C1E1CF /* CImGuiLib.xcodeproj */;
				},
			);
			projectRoot = "";
			targets = (
				B67E1D47236BBCFA00216EA2 /* Sample01-iOS */,
			);
		};
/* End PBXProject section */

/* Begin PBXReferenceProxy section */
		B6E3BCB9236D98D700C1E1CF /* libCImGuiLib.a */ = {
			isa = PBXReferenceProxy;
			fileType = archive.ar;
			path = libCImGuiLib.a;
			remoteRef = B6E3BCB8236D98D700C1E1CF /* PBXContainerItemProxy */;
			sourceTree = BUILT_PRODUCTS_DIR;
		};
/* End PBXReferenceProxy section */

/* Begin PBXResourcesBuildPhase section */
		B67E1D46236BBCFA00216EA2 /* Resources */ = {
			isa = PBXResourcesBuildPhase;
			buildActionMask = 2147483647;
			files = (
				B67E1D58236BBCFB00216EA2 /* LaunchScreen.storyboard in Resources */,
				B67E1D55236BBCFB00216EA2 /* Assets.xcassets in Resources */,
				B67E1D53236BBCFA00216EA2 /* Main.storyboard in Resources */,
			);
			runOnlyForDeploymentPostprocessing = 0;
		};
/* End PBXResourcesBuildPhase section */

/* Begin PBXSourcesBuildPhase section */
		B67E1D44236BBCFA00216EA2 /* Sources */ = {
			isa = PBXSourcesBuildPhase;
			buildActionMask = 2147483647;
			files = (
				B67E1D50236BBCFA00216EA2 /* ViewController.swift in Sources */,
				B67E1D4C236BBCFA00216EA2 /* AppDelegate.swift in Sources */,
				B67E1D4E236BBCFA00216EA2 /* SceneDelegate.swift in Sources */,
			);
			runOnlyForDeploymentPostprocessing = 0;
		};
/* End PBXSourcesBuildPhase section */

/* Begin PBXVariantGroup section */
		B67E1D51236BBCFA00216EA2 /* Main.storyboard */ = {
			isa = PBXVariantGroup;
			children = (
				B67E1D52236BBCFA00216EA2 /* Base */,
			);
			name = Main.storyboard;
			sourceTree = "<group>";
		};
		B67E1D56236BBCFB00216EA2 /* LaunchScreen.storyboard */ = {
			isa = PBXVariantGroup;
			children = (
				B67E1D57236BBCFB00216EA2 /* Base */,
			);
			name = LaunchScreen.storyboard;
			sourceTree = "<group>";
		};
/* End PBXVariantGroup section */

/* Begin XCBuildConfiguration section */
		B67E1D5A236BBCFB00216EA2 /* Debug */ = {
			isa = XCBuildConfiguration;
			buildSettings = {
				ALWAYS_SEARCH_USER_PATHS = NO;
				CLANG_ANALYZER_NONNULL = YES;
				CLANG_ANALYZER_NUMBER_OBJECT_CONVERSION = YES_AGGRESSIVE;
				CLANG_CXX_LANGUAGE_STANDARD = "gnu++14";
				CLANG_CXX_LIBRARY = "libc++";
				CLANG_ENABLE_MODULES = YES;
				CLANG_ENABLE_OBJC_ARC = YES;
				CLANG_ENABLE_OBJC_WEAK = YES;
				CLANG_WARN_BLOCK_CAPTURE_AUTORELEASING = YES;
				CLANG_WARN_BOOL_CONVERSION = YES;
				CLANG_WARN_COMMA = YES;
				CLANG_WARN_CONSTANT_CONVERSION = YES;
				CLANG_WARN_DEPRECATED_OBJC_IMPLEMENTATIONS = YES;
				CLANG_WARN_DIRECT_OBJC_ISA_USAGE = YES_ERROR;
				CLANG_WARN_DOCUMENTATION_COMMENTS = YES;
				CLANG_WARN_EMPTY_BODY = YES;
				CLANG_WARN_ENUM_CONVERSION = YES;
				CLANG_WARN_INFINITE_RECURSION = YES;
				CLANG_WARN_INT_CONVERSION = YES;
				CLANG_WARN_NON_LITERAL_NULL_CONVERSION = YES;
				CLANG_WARN_OBJC_IMPLICIT_RETAIN_SELF = YES;
				CLANG_WARN_OBJC_LITERAL_CONVERSION = YES;
				CLANG_WARN_OBJC_ROOT_CLASS = YES_ERROR;
				CLANG_WARN_RANGE_LOOP_ANALYSIS = YES;
				CLANG_WARN_STRICT_PROTOTYPES = YES;
				CLANG_WARN_SUSPICIOUS_MOVE = YES;
				CLANG_WARN_UNGUARDED_AVAILABILITY = YES_AGGRESSIVE;
				CLANG_WARN_UNREACHABLE_CODE = YES;
				CLANG_WARN__DUPLICATE_METHOD_MATCH = YES;
				COPY_PHASE_STRIP = NO;
				DEBUG_INFORMATION_FORMAT = dwarf;
				ENABLE_STRICT_OBJC_MSGSEND = YES;
				ENABLE_TESTABILITY = YES;
				GCC_C_LANGUAGE_STANDARD = gnu11;
				GCC_DYNAMIC_NO_PIC = NO;
				GCC_NO_COMMON_BLOCKS = YES;
				GCC_OPTIMIZATION_LEVEL = 0;
				GCC_PREPROCESSOR_DEFINITIONS = (
					"DEBUG=1",
					"$(inherited)",
				);
				GCC_WARN_64_TO_32_BIT_CONVERSION = YES;
				GCC_WARN_ABOUT_RETURN_TYPE = YES_ERROR;
				GCC_WARN_UNDECLARED_SELECTOR = YES;
				GCC_WARN_UNINITIALIZED_AUTOS = YES_AGGRESSIVE;
				GCC_WARN_UNUSED_FUNCTION = YES;
				GCC_WARN_UNUSED_VARIABLE = YES;
				IPHONEOS_DEPLOYMENT_TARGET = 11.0;
				MTL_ENABLE_DEBUG_INFO = INCLUDE_SOURCE;
				MTL_FAST_MATH = YES;
				ONLY_ACTIVE_ARCH = YES;
				SDKROOT = iphoneos;
				SWIFT_ACTIVE_COMPILATION_CONDITIONS = DEBUG;
				SWIFT_OPTIMIZATION_LEVEL = "-Onone";
			};
			name = Debug;
		};
		B67E1D5B236BBCFB00216EA2 /* Release */ = {
			isa = XCBuildConfiguration;
			buildSettings = {
				ALWAYS_SEARCH_USER_PATHS = NO;
				CLANG_ANALYZER_NONNULL = YES;
				CLANG_ANALYZER_NUMBER_OBJECT_CONVERSION = YES_AGGRESSIVE;
				CLANG_CXX_LANGUAGE_STANDARD = "gnu++14";
				CLANG_CXX_LIBRARY = "libc++";
				CLANG_ENABLE_MODULES = YES;
				CLANG_ENABLE_OBJC_ARC = YES;
				CLANG_ENABLE_OBJC_WEAK = YES;
				CLANG_WARN_BLOCK_CAPTURE_AUTORELEASING = YES;
				CLANG_WARN_BOOL_CONVERSION = YES;
				CLANG_WARN_COMMA = YES;
				CLANG_WARN_CONSTANT_CONVERSION = YES;
				CLANG_WARN_DEPRECATED_OBJC_IMPLEMENTATIONS = YES;
				CLANG_WARN_DIRECT_OBJC_ISA_USAGE = YES_ERROR;
				CLANG_WARN_DOCUMENTATION_COMMENTS = YES;
				CLANG_WARN_EMPTY_BODY = YES;
				CLANG_WARN_ENUM_CONVERSION = YES;
				CLANG_WARN_INFINITE_RECURSION = YES;
				CLANG_WARN_INT_CONVERSION = YES;
				CLANG_WARN_NON_LITERAL_NULL_CONVERSION = YES;
				CLANG_WARN_OBJC_IMPLICIT_RETAIN_SELF = YES;
				CLANG_WARN_OBJC_LITERAL_CONVERSION = YES;
				CLANG_WARN_OBJC_ROOT_CLASS = YES_ERROR;
				CLANG_WARN_RANGE_LOOP_ANALYSIS = YES;
				CLANG_WARN_STRICT_PROTOTYPES = YES;
				CLANG_WARN_SUSPICIOUS_MOVE = YES;
				CLANG_WARN_UNGUARDED_AVAILABILITY = YES_AGGRESSIVE;
				CLANG_WARN_UNREACHABLE_CODE = YES;
				CLANG_WARN__DUPLICATE_METHOD_MATCH = YES;
				COPY_PHASE_STRIP = NO;
				DEBUG_INFORMATION_FORMAT = "dwarf-with-dsym";
				ENABLE_NS_ASSERTIONS = NO;
				ENABLE_STRICT_OBJC_MSGSEND = YES;
				GCC_C_LANGUAGE_STANDARD = gnu11;
				GCC_NO_COMMON_BLOCKS = YES;
				GCC_WARN_64_TO_32_BIT_CONVERSION = YES;
				GCC_WARN_ABOUT_RETURN_TYPE = YES_ERROR;
				GCC_WARN_UNDECLARED_SELECTOR = YES;
				GCC_WARN_UNINITIALIZED_AUTOS = YES_AGGRESSIVE;
				GCC_WARN_UNUSED_FUNCTION = YES;
				GCC_WARN_UNUSED_VARIABLE = YES;
				IPHONEOS_DEPLOYMENT_TARGET = 11.0;
				MTL_ENABLE_DEBUG_INFO = NO;
				MTL_FAST_MATH = YES;
				SDKROOT = iphoneos;
				SWIFT_COMPILATION_MODE = wholemodule;
				SWIFT_OPTIMIZATION_LEVEL = "-O";
				VALIDATE_PRODUCT = YES;
			};
			name = Release;
		};
		B67E1D5D236BBCFB00216EA2 /* Debug */ = {
			isa = XCBuildConfiguration;
			buildSettings = {
				ASSETCATALOG_COMPILER_APPICON_NAME = AppIcon;
				CLANG_MODULES_AUTOLINK = NO;
				CODE_SIGN_ENTITLEMENTS = "";
				CODE_SIGN_STYLE = Manual;
				DEVELOPMENT_TEAM = "";
				ENABLE_BITCODE = NO;
				INFOPLIST_FILE = "Sample01-iOS/Info.plist";
				IPHONEOS_DEPLOYMENT_TARGET = 13.1;
				LD_RUNPATH_SEARCH_PATHS = (
					"$(inherited)",
					"@executable_path/Frameworks",
				);
				PRODUCT_BUNDLE_IDENTIFIER = "com.erickjung.Sample01-iOS";
				PRODUCT_NAME = "$(TARGET_NAME)";
				PROVISIONING_PROFILE_SPECIFIER = "";
				SWIFT_VERSION = 5.0;
				TARGETED_DEVICE_FAMILY = 1;
			};
			name = Debug;
		};
		B67E1D5E236BBCFB00216EA2 /* Release */ = {
			isa = XCBuildConfiguration;
			buildSettings = {
				ASSETCATALOG_COMPILER_APPICON_NAME = AppIcon;
				CLANG_MODULES_AUTOLINK = NO;
				CODE_SIGN_ENTITLEMENTS = "";
				CODE_SIGN_STYLE = Manual;
				DEVELOPMENT_TEAM = "";
				ENABLE_BITCODE = NO;
				INFOPLIST_FILE = "Sample01-iOS/Info.plist";
				IPHONEOS_DEPLOYMENT_TARGET = 13.1;
				LD_RUNPATH_SEARCH_PATHS = (
					"$(inherited)",
					"@executable_path/Frameworks",
				);
				PRODUCT_BUNDLE_IDENTIFIER = "com.erickjung.Sample01-iOS";
				PRODUCT_NAME = "$(TARGET_NAME)";
				PROVISIONING_PROFILE_SPECIFIER = "";
				SWIFT_VERSION = 5.0;
				TARGETED_DEVICE_FAMILY = 1;
			};
			name = Release;
		};
/* End XCBuildConfiguration section */

/* Begin XCConfigurationList section */
		B67E1D43236BBCFA00216EA2 /* Build configuration list for PBXProject "Sample01-iOS" */ = {
			isa = XCConfigurationList;
			buildConfigurations = (
				B67E1D5A236BBCFB00216EA2 /* Debug */,
				B67E1D5B236BBCFB00216EA2 /* Release */,
			);
			defaultConfigurationIsVisible = 0;
			defaultConfigurationName = Release;
		};
		B67E1D5C236BBCFB00216EA2 /* Build configuration list for PBXNativeTarget "Sample01-iOS" */ = {
			isa = XCConfigurationList;
			buildConfigurations = (
				B67E1D5D236BBCFB00216EA2 /* Debug */,
				B67E1D5E236BBCFB00216EA2 /* Release */,
			);
			defaultConfigurationIsVisible = 0;
			defaultConfigurationName = Release;
		};
/* End XCConfigurationList section */
	};
	rootObject = B67E1D40236BBCFA00216EA2 /* Project object */;
}
