// !$*UTF8*$!
{
	archiveVersion = 1;
	classes = {
	};
	objectVersion = 50;
	objects = {

/* Begin PBXBuildFile section */
		B6E3BE6C236ED08900C1E1CF /* SwiftGui_PlatformOSX.h in Headers */ = {isa = PBXBuildFile; fileRef = B6E3BE6A236ED08900C1E1CF /* SwiftGui_PlatformOSX.h */; settings = {ATTRIBUTES = (Public, ); }; };
		B6E3BE78236ED0A200C1E1CF /* imgui_impl_metal.h in Headers */ = {isa = PBXBuildFile; fileRef = B6E3BE72236ED0A200C1E1CF /* imgui_impl_metal.h */; };
		B6E3BE79236ED0A200C1E1CF /* imgui_impl_osx.mm in Sources */ = {isa = PBXBuildFile; fileRef = B6E3BE73236ED0A200C1E1CF /* imgui_impl_osx.mm */; };
		B6E3BE7A236ED0A200C1E1CF /* imgui_impl_osx.h in Headers */ = {isa = PBXBuildFile; fileRef = B6E3BE74236ED0A200C1E1CF /* imgui_impl_osx.h */; };
		B6E3BE7B236ED0A200C1E1CF /* SGRenderer.h in Headers */ = {isa = PBXBuildFile; fileRef = B6E3BE75236ED0A200C1E1CF /* SGRenderer.h */; settings = {ATTRIBUTES = (Public, ); }; };
		B6E3BE7C236ED0A200C1E1CF /* imgui_impl_metal.mm in Sources */ = {isa = PBXBuildFile; fileRef = B6E3BE76236ED0A200C1E1CF /* imgui_impl_metal.mm */; };
		B6E3BE7D236ED0A200C1E1CF /* SGRenderer.mm in Sources */ = {isa = PBXBuildFile; fileRef = B6E3BE77236ED0A200C1E1CF /* SGRenderer.mm */; };
		B6E3BE80236ED0F700C1E1CF /* AppKit.framework in Frameworks */ = {isa = PBXBuildFile; fileRef = B6E3BE7F236ED0F700C1E1CF /* AppKit.framework */; };
		B6E3BE83236ED0FC00C1E1CF /* Metal.framework in Frameworks */ = {isa = PBXBuildFile; fileRef = B6E3BE81236ED0FC00C1E1CF /* Metal.framework */; };
		B6E3BE84236ED0FC00C1E1CF /* MetalKit.framework in Frameworks */ = {isa = PBXBuildFile; fileRef = B6E3BE82236ED0FC00C1E1CF /* MetalKit.framework */; };
		B6F49E922371D6DD00A6D48C /* SwiftGUI_Core.framework in Frameworks */ = {isa = PBXBuildFile; fileRef = B6F49E912371D6DD00A6D48C /* SwiftGUI_Core.framework */; };
		B6F49E932371D6DD00A6D48C /* SwiftGUI_Core.framework in Embed Frameworks */ = {isa = PBXBuildFile; fileRef = B6F49E912371D6DD00A6D48C /* SwiftGUI_Core.framework */; settings = {ATTRIBUTES = (CodeSignOnCopy, RemoveHeadersOnCopy, ); }; };
/* End PBXBuildFile section */

/* Begin PBXCopyFilesBuildPhase section */
		B6F49E942371D6DD00A6D48C /* Embed Frameworks */ = {
			isa = PBXCopyFilesBuildPhase;
			buildActionMask = 2147483647;
			dstPath = "";
			dstSubfolderSpec = 10;
			files = (
				B6F49E932371D6DD00A6D48C /* SwiftGUI_Core.framework in Embed Frameworks */,
			);
			name = "Embed Frameworks";
			runOnlyForDeploymentPostprocessing = 0;
		};
/* End PBXCopyFilesBuildPhase section */

/* Begin PBXFileReference section */
		B6E3BE67236ED08900C1E1CF /* SwiftGui_PlatformOSX.framework */ = {isa = PBXFileReference; explicitFileType = wrapper.framework; includeInIndex = 0; path = SwiftGui_PlatformOSX.framework; sourceTree = BUILT_PRODUCTS_DIR; };
		B6E3BE6A236ED08900C1E1CF /* SwiftGui_PlatformOSX.h */ = {isa = PBXFileReference; lastKnownFileType = sourcecode.c.h; path = SwiftGui_PlatformOSX.h; sourceTree = "<group>"; };
		B6E3BE6B236ED08900C1E1CF /* Info.plist */ = {isa = PBXFileReference; lastKnownFileType = text.plist.xml; path = Info.plist; sourceTree = "<group>"; };
		B6E3BE72236ED0A200C1E1CF /* imgui_impl_metal.h */ = {isa = PBXFileReference; fileEncoding = 4; lastKnownFileType = sourcecode.c.h; path = imgui_impl_metal.h; sourceTree = "<group>"; };
		B6E3BE73236ED0A200C1E1CF /* imgui_impl_osx.mm */ = {isa = PBXFileReference; fileEncoding = 4; lastKnownFileType = sourcecode.cpp.objcpp; path = imgui_impl_osx.mm; sourceTree = "<group>"; };
		B6E3BE74236ED0A200C1E1CF /* imgui_impl_osx.h */ = {isa = PBXFileReference; fileEncoding = 4; lastKnownFileType = sourcecode.c.h; path = imgui_impl_osx.h; sourceTree = "<group>"; };
		B6E3BE75236ED0A200C1E1CF /* SGRenderer.h */ = {isa = PBXFileReference; fileEncoding = 4; lastKnownFileType = sourcecode.c.h; path = SGRenderer.h; sourceTree = "<group>"; };
		B6E3BE76236ED0A200C1E1CF /* imgui_impl_metal.mm */ = {isa = PBXFileReference; fileEncoding = 4; lastKnownFileType = sourcecode.cpp.objcpp; path = imgui_impl_metal.mm; sourceTree = "<group>"; };
		B6E3BE77236ED0A200C1E1CF /* SGRenderer.mm */ = {isa = PBXFileReference; fileEncoding = 4; lastKnownFileType = sourcecode.cpp.objcpp; path = SGRenderer.mm; sourceTree = "<group>"; };
		B6E3BE7F236ED0F700C1E1CF /* AppKit.framework */ = {isa = PBXFileReference; lastKnownFileType = wrapper.framework; name = AppKit.framework; path = System/Library/Frameworks/AppKit.framework; sourceTree = SDKROOT; };
		B6E3BE81236ED0FC00C1E1CF /* Metal.framework */ = {isa = PBXFileReference; lastKnownFileType = wrapper.framework; name = Metal.framework; path = System/Library/Frameworks/Metal.framework; sourceTree = SDKROOT; };
		B6E3BE82236ED0FC00C1E1CF /* MetalKit.framework */ = {isa = PBXFileReference; lastKnownFileType = wrapper.framework; name = MetalKit.framework; path = System/Library/Frameworks/MetalKit.framework; sourceTree = SDKROOT; };
		B6E3BE85236ED0FE00C1E1CF /* CImGui.framework */ = {isa = PBXFileReference; explicitFileType = wrapper.framework; path = CImGui.framework; sourceTree = BUILT_PRODUCTS_DIR; };
		B6F49E912371D6DD00A6D48C /* SwiftGUI_Core.framework */ = {isa = PBXFileReference; explicitFileType = wrapper.framework; path = SwiftGUI_Core.framework; sourceTree = BUILT_PRODUCTS_DIR; };
/* End PBXFileReference section */

/* Begin PBXFrameworksBuildPhase section */
		B6E3BE64236ED08900C1E1CF /* Frameworks */ = {
			isa = PBXFrameworksBuildPhase;
			buildActionMask = 2147483647;
			files = (
				B6E3BE84236ED0FC00C1E1CF /* MetalKit.framework in Frameworks */,
				B6F49E922371D6DD00A6D48C /* SwiftGUI_Core.framework in Frameworks */,
				B6E3BE83236ED0FC00C1E1CF /* Metal.framework in Frameworks */,
				B6E3BE80236ED0F700C1E1CF /* AppKit.framework in Frameworks */,
			);
			runOnlyForDeploymentPostprocessing = 0;
		};
/* End PBXFrameworksBuildPhase section */

/* Begin PBXGroup section */
		B6E3BE5D236ED08900C1E1CF = {
			isa = PBXGroup;
			children = (
				B6E3BE69236ED08900C1E1CF /* SwiftGui-PlatformOSX */,
				B6E3BE68236ED08900C1E1CF /* Products */,
				B6E3BE7E236ED0F600C1E1CF /* Frameworks */,
			);
			sourceTree = "<group>";
		};
		B6E3BE68236ED08900C1E1CF /* Products */ = {
			isa = PBXGroup;
			children = (
				B6E3BE67236ED08900C1E1CF /* SwiftGui_PlatformOSX.framework */,
			);
			name = Products;
			sourceTree = "<group>";
		};
		B6E3BE69236ED08900C1E1CF /* SwiftGui-PlatformOSX */ = {
			isa = PBXGroup;
			children = (
				B6E3BE72236ED0A200C1E1CF /* imgui_impl_metal.h */,
				B6E3BE76236ED0A200C1E1CF /* imgui_impl_metal.mm */,
				B6E3BE74236ED0A200C1E1CF /* imgui_impl_osx.h */,
				B6E3BE73236ED0A200C1E1CF /* imgui_impl_osx.mm */,
				B6E3BE75236ED0A200C1E1CF /* SGRenderer.h */,
				B6E3BE77236ED0A200C1E1CF /* SGRenderer.mm */,
				B6E3BE6A236ED08900C1E1CF /* SwiftGui_PlatformOSX.h */,
				B6E3BE6B236ED08900C1E1CF /* Info.plist */,
			);
			path = "SwiftGui-PlatformOSX";
			sourceTree = "<group>";
		};
		B6E3BE7E236ED0F600C1E1CF /* Frameworks */ = {
			isa = PBXGroup;
			children = (
				B6F49E912371D6DD00A6D48C /* SwiftGUI_Core.framework */,
				B6E3BE85236ED0FE00C1E1CF /* CImGui.framework */,
				B6E3BE81236ED0FC00C1E1CF /* Metal.framework */,
				B6E3BE82236ED0FC00C1E1CF /* MetalKit.framework */,
				B6E3BE7F236ED0F700C1E1CF /* AppKit.framework */,
			);
			name = Frameworks;
			sourceTree = "<group>";
		};
/* End PBXGroup section */

/* Begin PBXHeadersBuildPhase section */
		B6E3BE62236ED08900C1E1CF /* Headers */ = {
			isa = PBXHeadersBuildPhase;
			buildActionMask = 2147483647;
			files = (
				B6E3BE6C236ED08900C1E1CF /* SwiftGui_PlatformOSX.h in Headers */,
				B6E3BE7B236ED0A200C1E1CF /* SGRenderer.h in Headers */,
				B6E3BE78236ED0A200C1E1CF /* imgui_impl_metal.h in Headers */,
				B6E3BE7A236ED0A200C1E1CF /* imgui_impl_osx.h in Headers */,
			);
			runOnlyForDeploymentPostprocessing = 0;
		};
/* End PBXHeadersBuildPhase section */

/* Begin PBXNativeTarget section */
		B6E3BE66236ED08900C1E1CF /* SwiftGui-PlatformOSX */ = {
			isa = PBXNativeTarget;
			buildConfigurationList = B6E3BE6F236ED08900C1E1CF /* Build configuration list for PBXNativeTarget "SwiftGui-PlatformOSX" */;
			buildPhases = (
				B6E3BE62236ED08900C1E1CF /* Headers */,
				B6E3BE63236ED08900C1E1CF /* Sources */,
				B6E3BE64236ED08900C1E1CF /* Frameworks */,
				B6E3BE65236ED08900C1E1CF /* Resources */,
				B6F49E942371D6DD00A6D48C /* Embed Frameworks */,
			);
			buildRules = (
			);
			dependencies = (
			);
			name = "SwiftGui-PlatformOSX";
			productName = "SwiftGui-PlatformOSX";
			productReference = B6E3BE67236ED08900C1E1CF /* SwiftGui_PlatformOSX.framework */;
			productType = "com.apple.product-type.framework";
		};
/* End PBXNativeTarget section */

/* Begin PBXProject section */
		B6E3BE5E236ED08900C1E1CF /* Project object */ = {
			isa = PBXProject;
			attributes = {
				LastUpgradeCheck = 1110;
				ORGANIZATIONNAME = "Erick Jung";
				TargetAttributes = {
					B6E3BE66236ED08900C1E1CF = {
						CreatedOnToolsVersion = 11.1;
					};
				};
			};
			buildConfigurationList = B6E3BE61236ED08900C1E1CF /* Build configuration list for PBXProject "SwiftGui-PlatformOSX" */;
			compatibilityVersion = "Xcode 9.3";
			developmentRegion = en;
			hasScannedForEncodings = 0;
			knownRegions = (
				en,
				Base,
			);
			mainGroup = B6E3BE5D236ED08900C1E1CF;
			productRefGroup = B6E3BE68236ED08900C1E1CF /* Products */;
			projectDirPath = "";
			projectRoot = "";
			targets = (
				B6E3BE66236ED08900C1E1CF /* SwiftGui-PlatformOSX */,
			);
		};
/* End PBXProject section */

/* Begin PBXResourcesBuildPhase section */
		B6E3BE65236ED08900C1E1CF /* Resources */ = {
			isa = PBXResourcesBuildPhase;
			buildActionMask = 2147483647;
			files = (
			);
			runOnlyForDeploymentPostprocessing = 0;
		};
/* End PBXResourcesBuildPhase section */

/* Begin PBXSourcesBuildPhase section */
		B6E3BE63236ED08900C1E1CF /* Sources */ = {
			isa = PBXSourcesBuildPhase;
			buildActionMask = 2147483647;
			files = (
				B6E3BE79236ED0A200C1E1CF /* imgui_impl_osx.mm in Sources */,
				B6E3BE7D236ED0A200C1E1CF /* SGRenderer.mm in Sources */,
				B6E3BE7C236ED0A200C1E1CF /* imgui_impl_metal.mm in Sources */,
			);
			runOnlyForDeploymentPostprocessing = 0;
		};
/* End PBXSourcesBuildPhase section */

/* Begin XCBuildConfiguration section */
		B6E3BE6D236ED08900C1E1CF /* Debug */ = {
			isa = XCBuildConfiguration;
			buildSettings = {
				ALWAYS_SEARCH_USER_PATHS = NO;
				CLANG_ANALYZER_NONNULL = YES;
				CLANG_ANALYZER_NUMBER_OBJECT_CONVERSION = YES_AGGRESSIVE;
				CLANG_CXX_LANGUAGE_STANDARD = "gnu++14";
				CLANG_CXX_LIBRARY = "libc++";
				CLANG_ENABLE_MODULES = YES;
				CLANG_ENABLE_OBJC_ARC = YES;
				CLANG_ENABLE_OBJC_WEAK = YES;
				CLANG_WARN_BLOCK_CAPTURE_AUTORELEASING = YES;
				CLANG_WARN_BOOL_CONVERSION = YES;
				CLANG_WARN_COMMA = YES;
				CLANG_WARN_CONSTANT_CONVERSION = YES;
				CLANG_WARN_DEPRECATED_OBJC_IMPLEMENTATIONS = YES;
				CLANG_WARN_DIRECT_OBJC_ISA_USAGE = YES_ERROR;
				CLANG_WARN_DOCUMENTATION_COMMENTS = YES;
				CLANG_WARN_EMPTY_BODY = YES;
				CLANG_WARN_ENUM_CONVERSION = YES;
				CLANG_WARN_INFINITE_RECURSION = YES;
				CLANG_WARN_INT_CONVERSION = YES;
				CLANG_WARN_NON_LITERAL_NULL_CONVERSION = YES;
				CLANG_WARN_OBJC_IMPLICIT_RETAIN_SELF = YES;
				CLANG_WARN_OBJC_LITERAL_CONVERSION = YES;
				CLANG_WARN_OBJC_ROOT_CLASS = YES_ERROR;
				CLANG_WARN_RANGE_LOOP_ANALYSIS = YES;
				CLANG_WARN_STRICT_PROTOTYPES = YES;
				CLANG_WARN_SUSPICIOUS_MOVE = YES;
				CLANG_WARN_UNGUARDED_AVAILABILITY = YES_AGGRESSIVE;
				CLANG_WARN_UNREACHABLE_CODE = YES;
				CLANG_WARN__DUPLICATE_METHOD_MATCH = YES;
				COPY_PHASE_STRIP = NO;
				CURRENT_PROJECT_VERSION = 1;
				DEBUG_INFORMATION_FORMAT = dwarf;
				ENABLE_STRICT_OBJC_MSGSEND = YES;
				ENABLE_TESTABILITY = YES;
				GCC_C_LANGUAGE_STANDARD = gnu11;
				GCC_DYNAMIC_NO_PIC = NO;
				GCC_NO_COMMON_BLOCKS = YES;
				GCC_OPTIMIZATION_LEVEL = 0;
				GCC_PREPROCESSOR_DEFINITIONS = (
					"DEBUG=1",
					"$(inherited)",
				);
				GCC_WARN_64_TO_32_BIT_CONVERSION = YES;
				GCC_WARN_ABOUT_RETURN_TYPE = YES_ERROR;
				GCC_WARN_UNDECLARED_SELECTOR = YES;
				GCC_WARN_UNINITIALIZED_AUTOS = YES_AGGRESSIVE;
				GCC_WARN_UNUSED_FUNCTION = YES;
				GCC_WARN_UNUSED_VARIABLE = YES;
				MACOSX_DEPLOYMENT_TARGET = 10.14;
				MTL_ENABLE_DEBUG_INFO = INCLUDE_SOURCE;
				MTL_FAST_MATH = YES;
				ONLY_ACTIVE_ARCH = YES;
				SDKROOT = macosx;
				VERSIONING_SYSTEM = "apple-generic";
				VERSION_INFO_PREFIX = "";
			};
			name = Debug;
		};
		B6E3BE6E236ED08900C1E1CF /* Release */ = {
			isa = XCBuildConfiguration;
			buildSettings = {
				ALWAYS_SEARCH_USER_PATHS = NO;
				CLANG_ANALYZER_NONNULL = YES;
				CLANG_ANALYZER_NUMBER_OBJECT_CONVERSION = YES_AGGRESSIVE;
				CLANG_CXX_LANGUAGE_STANDARD = "gnu++14";
				CLANG_CXX_LIBRARY = "libc++";
				CLANG_ENABLE_MODULES = YES;
				CLANG_ENABLE_OBJC_ARC = YES;
				CLANG_ENABLE_OBJC_WEAK = YES;
				CLANG_WARN_BLOCK_CAPTURE_AUTORELEASING = YES;
				CLANG_WARN_BOOL_CONVERSION = YES;
				CLANG_WARN_COMMA = YES;
				CLANG_WARN_CONSTANT_CONVERSION = YES;
				CLANG_WARN_DEPRECATED_OBJC_IMPLEMENTATIONS = YES;
				CLANG_WARN_DIRECT_OBJC_ISA_USAGE = YES_ERROR;
				CLANG_WARN_DOCUMENTATION_COMMENTS = YES;
				CLANG_WARN_EMPTY_BODY = YES;
				CLANG_WARN_ENUM_CONVERSION = YES;
				CLANG_WARN_INFINITE_RECURSION = YES;
				CLANG_WARN_INT_CONVERSION = YES;
				CLANG_WARN_NON_LITERAL_NULL_CONVERSION = YES;
				CLANG_WARN_OBJC_IMPLICIT_RETAIN_SELF = YES;
				CLANG_WARN_OBJC_LITERAL_CONVERSION = YES;
				CLANG_WARN_OBJC_ROOT_CLASS = YES_ERROR;
				CLANG_WARN_RANGE_LOOP_ANALYSIS = YES;
				CLANG_WARN_STRICT_PROTOTYPES = YES;
				CLANG_WARN_SUSPICIOUS_MOVE = YES;
				CLANG_WARN_UNGUARDED_AVAILABILITY = YES_AGGRESSIVE;
				CLANG_WARN_UNREACHABLE_CODE = YES;
				CLANG_WARN__DUPLICATE_METHOD_MATCH = YES;
				COPY_PHASE_STRIP = NO;
				CURRENT_PROJECT_VERSION = 1;
				DEBUG_INFORMATION_FORMAT = "dwarf-with-dsym";
				ENABLE_NS_ASSERTIONS = NO;
				ENABLE_STRICT_OBJC_MSGSEND = YES;
				GCC_C_LANGUAGE_STANDARD = gnu11;
				GCC_NO_COMMON_BLOCKS = YES;
				GCC_WARN_64_TO_32_BIT_CONVERSION = YES;
				GCC_WARN_ABOUT_RETURN_TYPE = YES_ERROR;
				GCC_WARN_UNDECLARED_SELECTOR = YES;
				GCC_WARN_UNINITIALIZED_AUTOS = YES_AGGRESSIVE;
				GCC_WARN_UNUSED_FUNCTION = YES;
				GCC_WARN_UNUSED_VARIABLE = YES;
				MACOSX_DEPLOYMENT_TARGET = 10.14;
				MTL_ENABLE_DEBUG_INFO = NO;
				MTL_FAST_MATH = YES;
				SDKROOT = macosx;
				VERSIONING_SYSTEM = "apple-generic";
				VERSION_INFO_PREFIX = "";
			};
			name = Release;
		};
		B6E3BE70236ED08900C1E1CF /* Debug */ = {
			isa = XCBuildConfiguration;
			buildSettings = {
				CODE_SIGN_STYLE = Automatic;
				COMBINE_HIDPI_IMAGES = YES;
				DEFINES_MODULE = YES;
				DYLIB_COMPATIBILITY_VERSION = 1;
				DYLIB_CURRENT_VERSION = 1;
				DYLIB_INSTALL_NAME_BASE = "@rpath";
				INFOPLIST_FILE = "SwiftGui-PlatformOSX/Info.plist";
				INSTALL_PATH = "$(LOCAL_LIBRARY_DIR)/Frameworks";
				LD_RUNPATH_SEARCH_PATHS = (
					"$(inherited)",
					"@executable_path/../Frameworks",
					"@loader_path/Frameworks",
				);
				MACOSX_DEPLOYMENT_TARGET = 10.13;
				PRODUCT_BUNDLE_IDENTIFIER = "com.erickjung.SwiftGui-PlatformOSX";
				PRODUCT_NAME = "$(TARGET_NAME:c99extidentifier)";
				SKIP_INSTALL = YES;
			};
			name = Debug;
		};
		B6E3BE71236ED08900C1E1CF /* Release */ = {
			isa = XCBuildConfiguration;
			buildSettings = {
				CODE_SIGN_STYLE = Automatic;
				COMBINE_HIDPI_IMAGES = YES;
				DEFINES_MODULE = YES;
				DYLIB_COMPATIBILITY_VERSION = 1;
				DYLIB_CURRENT_VERSION = 1;
				DYLIB_INSTALL_NAME_BASE = "@rpath";
				INFOPLIST_FILE = "SwiftGui-PlatformOSX/Info.plist";
				INSTALL_PATH = "$(LOCAL_LIBRARY_DIR)/Frameworks";
				LD_RUNPATH_SEARCH_PATHS = (
					"$(inherited)",
					"@executable_path/../Frameworks",
					"@loader_path/Frameworks",
				);
				MACOSX_DEPLOYMENT_TARGET = 10.13;
				PRODUCT_BUNDLE_IDENTIFIER = "com.erickjung.SwiftGui-PlatformOSX";
				PRODUCT_NAME = "$(TARGET_NAME:c99extidentifier)";
				SKIP_INSTALL = YES;
			};
			name = Release;
		};
/* End XCBuildConfiguration section */

/* Begin XCConfigurationList section */
		B6E3BE61236ED08900C1E1CF /* Build configuration list for PBXProject "SwiftGui-PlatformOSX" */ = {
			isa = XCConfigurationList;
			buildConfigurations = (
				B6E3BE6D236ED08900C1E1CF /* Debug */,
				B6E3BE6E236ED08900C1E1CF /* Release */,
			);
			defaultConfigurationIsVisible = 0;
			defaultConfigurationName = Release;
		};
		B6E3BE6F236ED08900C1E1CF /* Build configuration list for PBXNativeTarget "SwiftGui-PlatformOSX" */ = {
			isa = XCConfigurationList;
			buildConfigurations = (
				B6E3BE70236ED08900C1E1CF /* Debug */,
				B6E3BE71236ED08900C1E1CF /* Release */,
			);
			defaultConfigurationIsVisible = 0;
			defaultConfigurationName = Release;
		};
/* End XCConfigurationList section */
	};
	rootObject = B6E3BE5E236ED08900C1E1CF /* Project object */;
}
